// !$*UTF8*$!
{
	archiveVersion = 1;
	classes = {
	};
	objectVersion = 56;
	objects = {

/* Begin PBXBuildFile section */
		9E605FFE2D0985BD00236896 /* PersistenceController.swift in Sources */ = {isa = PBXBuildFile; fileRef = 9E605FFD2D0985BD00236896 /* PersistenceController.swift */; };
		9E6060032D09CB6400236896 /* RecipeModel.xcdatamodeld in Sources */ = {isa = PBXBuildFile; fileRef = 9E6060002D09CB6400236896 /* RecipeModel.xcdatamodeld */; };
		9EE5AAD92D08FCBE00C1B736 /* RecipeFinderApp.swift in Sources */ = {isa = PBXBuildFile; fileRef = 9EE5AAD82D08FCBE00C1B736 /* RecipeFinderApp.swift */; };
		9EE5AADB2D08FCBE00C1B736 /* ContentView.swift in Sources */ = {isa = PBXBuildFile; fileRef = 9EE5AADA2D08FCBE00C1B736 /* ContentView.swift */; };
		9EE5AADD2D08FCBE00C1B736 /* Item.swift in Sources */ = {isa = PBXBuildFile; fileRef = 9EE5AADC2D08FCBE00C1B736 /* Item.swift */; };
		9EE5AADF2D08FCBF00C1B736 /* Assets.xcassets in Resources */ = {isa = PBXBuildFile; fileRef = 9EE5AADE2D08FCBF00C1B736 /* Assets.xcassets */; };
		9EE5AAE22D08FCBF00C1B736 /* Preview Assets.xcassets in Resources */ = {isa = PBXBuildFile; fileRef = 9EE5AAE12D08FCBF00C1B736 /* Preview Assets.xcassets */; };
		9EE5AAEC2D08FCBF00C1B736 /* RecipeFinderTests.swift in Sources */ = {isa = PBXBuildFile; fileRef = 9EE5AAEB2D08FCBF00C1B736 /* RecipeFinderTests.swift */; };
		9EE5AAF62D08FCBF00C1B736 /* RecipeFinderUITests.swift in Sources */ = {isa = PBXBuildFile; fileRef = 9EE5AAF52D08FCBF00C1B736 /* RecipeFinderUITests.swift */; };
		9EE5AAF82D08FCBF00C1B736 /* RecipeFinderUITestsLaunchTests.swift in Sources */ = {isa = PBXBuildFile; fileRef = 9EE5AAF72D08FCBF00C1B736 /* RecipeFinderUITestsLaunchTests.swift */; };
/* End PBXBuildFile section */

/* Begin PBXContainerItemProxy section */
		9EE5AAE82D08FCBF00C1B736 /* PBXContainerItemProxy */ = {
			isa = PBXContainerItemProxy;
			containerPortal = 9EE5AACD2D08FCBE00C1B736 /* Project object */;
			proxyType = 1;
			remoteGlobalIDString = 9EE5AAD42D08FCBE00C1B736;
			remoteInfo = RecipeFinder;
		};
		9EE5AAF22D08FCBF00C1B736 /* PBXContainerItemProxy */ = {
			isa = PBXContainerItemProxy;
			containerPortal = 9EE5AACD2D08FCBE00C1B736 /* Project object */;
			proxyType = 1;
			remoteGlobalIDString = 9EE5AAD42D08FCBE00C1B736;
			remoteInfo = RecipeFinder;
		};
/* End PBXContainerItemProxy section */

/* Begin PBXFileReference section */
		9E37D12A2D09082C005BC8FA /* readme.md */ = {isa = PBXFileReference; lastKnownFileType = net.daringfireball.markdown; path = readme.md; sourceTree = "<group>"; };
		9E605FFD2D0985BD00236896 /* PersistenceController.swift */ = {isa = PBXFileReference; lastKnownFileType = sourcecode.swift; path = PersistenceController.swift; sourceTree = "<group>"; };
		9E6060012D09CB6400236896 /* RecipeModel.xcdatamodel */ = {isa = PBXFileReference; lastKnownFileType = wrapper.xcdatamodel; path = RecipeModel.xcdatamodel; sourceTree = "<group>"; };
		9E6060022D09CB6400236896 /* RecipeModel 2.xcdatamodel */ = {isa = PBXFileReference; lastKnownFileType = wrapper.xcdatamodel; path = "RecipeModel 2.xcdatamodel"; sourceTree = "<group>"; };
		9EA777B82D09F1E000C3422A /* RecipeModel 3.xcdatamodel */ = {isa = PBXFileReference; lastKnownFileType = wrapper.xcdatamodel; path = "RecipeModel 3.xcdatamodel"; sourceTree = "<group>"; };
		9EC3AE5E2D0B772D006C30E1 /* RecipeModel 5.xcdatamodel */ = {isa = PBXFileReference; lastKnownFileType = wrapper.xcdatamodel; path = "RecipeModel 5.xcdatamodel"; sourceTree = "<group>"; };
		9EC3AE5F2D0BA3C8006C30E1 /* RecipeModel 6.xcdatamodel */ = {isa = PBXFileReference; lastKnownFileType = wrapper.xcdatamodel; path = "RecipeModel 6.xcdatamodel"; sourceTree = "<group>"; };
		9EC3AE602D0BA9A4006C30E1 /* RecipeModel 7.xcdatamodel */ = {isa = PBXFileReference; lastKnownFileType = wrapper.xcdatamodel; path = "RecipeModel 7.xcdatamodel"; sourceTree = "<group>"; };
		9EE5AAD52D08FCBE00C1B736 /* RecipeFinder.app */ = {isa = PBXFileReference; explicitFileType = wrapper.application; includeInIndex = 0; path = RecipeFinder.app; sourceTree = BUILT_PRODUCTS_DIR; };
		9EE5AAD82D08FCBE00C1B736 /* RecipeFinderApp.swift */ = {isa = PBXFileReference; lastKnownFileType = sourcecode.swift; path = RecipeFinderApp.swift; sourceTree = "<group>"; };
		9EE5AADA2D08FCBE00C1B736 /* ContentView.swift */ = {isa = PBXFileReference; lastKnownFileType = sourcecode.swift; path = ContentView.swift; sourceTree = "<group>"; };
		9EE5AADC2D08FCBE00C1B736 /* Item.swift */ = {isa = PBXFileReference; lastKnownFileType = sourcecode.swift; path = Item.swift; sourceTree = "<group>"; };
		9EE5AADE2D08FCBF00C1B736 /* Assets.xcassets */ = {isa = PBXFileReference; lastKnownFileType = folder.assetcatalog; path = Assets.xcassets; sourceTree = "<group>"; };
		9EE5AAE12D08FCBF00C1B736 /* Preview Assets.xcassets */ = {isa = PBXFileReference; lastKnownFileType = folder.assetcatalog; path = "Preview Assets.xcassets"; sourceTree = "<group>"; };
		9EE5AAE72D08FCBF00C1B736 /* RecipeFinderTests.xctest */ = {isa = PBXFileReference; explicitFileType = wrapper.cfbundle; includeInIndex = 0; path = RecipeFinderTests.xctest; sourceTree = BUILT_PRODUCTS_DIR; };
		9EE5AAEB2D08FCBF00C1B736 /* RecipeFinderTests.swift */ = {isa = PBXFileReference; lastKnownFileType = sourcecode.swift; path = RecipeFinderTests.swift; sourceTree = "<group>"; };
		9EE5AAF12D08FCBF00C1B736 /* RecipeFinderUITests.xctest */ = {isa = PBXFileReference; explicitFileType = wrapper.cfbundle; includeInIndex = 0; path = RecipeFinderUITests.xctest; sourceTree = BUILT_PRODUCTS_DIR; };
		9EE5AAF52D08FCBF00C1B736 /* RecipeFinderUITests.swift */ = {isa = PBXFileReference; lastKnownFileType = sourcecode.swift; path = RecipeFinderUITests.swift; sourceTree = "<group>"; };
		9EE5AAF72D08FCBF00C1B736 /* RecipeFinderUITestsLaunchTests.swift */ = {isa = PBXFileReference; lastKnownFileType = sourcecode.swift; path = RecipeFinderUITestsLaunchTests.swift; sourceTree = "<group>"; };
		9EEDD0812D09F955003C7296 /* RecipeModel 4.xcdatamodel */ = {isa = PBXFileReference; lastKnownFileType = wrapper.xcdatamodel; path = "RecipeModel 4.xcdatamodel"; sourceTree = "<group>"; };
/* End PBXFileReference section */

/* Begin PBXFrameworksBuildPhase section */
		9EE5AAD22D08FCBE00C1B736 /* Frameworks */ = {
			isa = PBXFrameworksBuildPhase;
			buildActionMask = 2147483647;
			files = (
			);
			runOnlyForDeploymentPostprocessing = 0;
		};
		9EE5AAE42D08FCBF00C1B736 /* Frameworks */ = {
			isa = PBXFrameworksBuildPhase;
			buildActionMask = 2147483647;
			files = (
			);
			runOnlyForDeploymentPostprocessing = 0;
		};
		9EE5AAEE2D08FCBF00C1B736 /* Frameworks */ = {
			isa = PBXFrameworksBuildPhase;
			buildActionMask = 2147483647;
			files = (
			);
			runOnlyForDeploymentPostprocessing = 0;
		};
/* End PBXFrameworksBuildPhase section */

/* Begin PBXGroup section */
		9EE5AACC2D08FCBE00C1B736 = {
			isa = PBXGroup;
			children = (
				9E37D12A2D09082C005BC8FA /* readme.md */,
				9EE5AAD72D08FCBE00C1B736 /* RecipeFinder */,
				9EE5AAEA2D08FCBF00C1B736 /* RecipeFinderTests */,
				9EE5AAF42D08FCBF00C1B736 /* RecipeFinderUITests */,
				9EE5AAD62D08FCBE00C1B736 /* Products */,
			);
			sourceTree = "<group>";
		};
		9EE5AAD62D08FCBE00C1B736 /* Products */ = {
			isa = PBXGroup;
			children = (
				9EE5AAD52D08FCBE00C1B736 /* RecipeFinder.app */,
				9EE5AAE72D08FCBF00C1B736 /* RecipeFinderTests.xctest */,
				9EE5AAF12D08FCBF00C1B736 /* RecipeFinderUITests.xctest */,
			);
			name = Products;
			sourceTree = "<group>";
		};
		9EE5AAD72D08FCBE00C1B736 /* RecipeFinder */ = {
			isa = PBXGroup;
			children = (
				9EE5AAD82D08FCBE00C1B736 /* RecipeFinderApp.swift */,
				9EE5AADA2D08FCBE00C1B736 /* ContentView.swift */,
				9E6060002D09CB6400236896 /* RecipeModel.xcdatamodeld */,
				9EE5AADC2D08FCBE00C1B736 /* Item.swift */,
				9EE5AADE2D08FCBF00C1B736 /* Assets.xcassets */,
				9EE5AAE02D08FCBF00C1B736 /* Preview Content */,
				9E605FFD2D0985BD00236896 /* PersistenceController.swift */,
			);
			path = RecipeFinder;
			sourceTree = "<group>";
		};
		9EE5AAE02D08FCBF00C1B736 /* Preview Content */ = {
			isa = PBXGroup;
			children = (
				9EE5AAE12D08FCBF00C1B736 /* Preview Assets.xcassets */,
			);
			path = "Preview Content";
			sourceTree = "<group>";
		};
		9EE5AAEA2D08FCBF00C1B736 /* RecipeFinderTests */ = {
			isa = PBXGroup;
			children = (
				9EE5AAEB2D08FCBF00C1B736 /* RecipeFinderTests.swift */,
			);
			path = RecipeFinderTests;
			sourceTree = "<group>";
		};
		9EE5AAF42D08FCBF00C1B736 /* RecipeFinderUITests */ = {
			isa = PBXGroup;
			children = (
				9EE5AAF52D08FCBF00C1B736 /* RecipeFinderUITests.swift */,
				9EE5AAF72D08FCBF00C1B736 /* RecipeFinderUITestsLaunchTests.swift */,
			);
			path = RecipeFinderUITests;
			sourceTree = "<group>";
		};
/* End PBXGroup section */

/* Begin PBXNativeTarget section */
		9EE5AAD42D08FCBE00C1B736 /* RecipeFinder */ = {
			isa = PBXNativeTarget;
			buildConfigurationList = 9EE5AAFB2D08FCBF00C1B736 /* Build configuration list for PBXNativeTarget "RecipeFinder" */;
			buildPhases = (
				9EE5AAD12D08FCBE00C1B736 /* Sources */,
				9EE5AAD22D08FCBE00C1B736 /* Frameworks */,
				9EE5AAD32D08FCBE00C1B736 /* Resources */,
			);
			buildRules = (
			);
			dependencies = (
			);
			name = RecipeFinder;
			productName = RecipeFinder;
			productReference = 9EE5AAD52D08FCBE00C1B736 /* RecipeFinder.app */;
			productType = "com.apple.product-type.application";
		};
		9EE5AAE62D08FCBF00C1B736 /* RecipeFinderTests */ = {
			isa = PBXNativeTarget;
			buildConfigurationList = 9EE5AAFE2D08FCBF00C1B736 /* Build configuration list for PBXNativeTarget "RecipeFinderTests" */;
			buildPhases = (
				9EE5AAE32D08FCBF00C1B736 /* Sources */,
				9EE5AAE42D08FCBF00C1B736 /* Frameworks */,
				9EE5AAE52D08FCBF00C1B736 /* Resources */,
			);
			buildRules = (
			);
			dependencies = (
				9EE5AAE92D08FCBF00C1B736 /* PBXTargetDependency */,
			);
			name = RecipeFinderTests;
			productName = RecipeFinderTests;
			productReference = 9EE5AAE72D08FCBF00C1B736 /* RecipeFinderTests.xctest */;
			productType = "com.apple.product-type.bundle.unit-test";
		};
		9EE5AAF02D08FCBF00C1B736 /* RecipeFinderUITests */ = {
			isa = PBXNativeTarget;
			buildConfigurationList = 9EE5AB012D08FCBF00C1B736 /* Build configuration list for PBXNativeTarget "RecipeFinderUITests" */;
			buildPhases = (
				9EE5AAED2D08FCBF00C1B736 /* Sources */,
				9EE5AAEE2D08FCBF00C1B736 /* Frameworks */,
				9EE5AAEF2D08FCBF00C1B736 /* Resources */,
			);
			buildRules = (
			);
			dependencies = (
				9EE5AAF32D08FCBF00C1B736 /* PBXTargetDependency */,
			);
			name = RecipeFinderUITests;
			productName = RecipeFinderUITests;
			productReference = 9EE5AAF12D08FCBF00C1B736 /* RecipeFinderUITests.xctest */;
			productType = "com.apple.product-type.bundle.ui-testing";
		};
/* End PBXNativeTarget section */

/* Begin PBXProject section */
		9EE5AACD2D08FCBE00C1B736 /* Project object */ = {
			isa = PBXProject;
			attributes = {
				BuildIndependentTargetsInParallel = 1;
				LastSwiftUpdateCheck = 1540;
				LastUpgradeCheck = 1540;
				TargetAttributes = {
					9EE5AAD42D08FCBE00C1B736 = {
						CreatedOnToolsVersion = 15.4;
					};
					9EE5AAE62D08FCBF00C1B736 = {
						CreatedOnToolsVersion = 15.4;
						TestTargetID = 9EE5AAD42D08FCBE00C1B736;
					};
					9EE5AAF02D08FCBF00C1B736 = {
						CreatedOnToolsVersion = 15.4;
						TestTargetID = 9EE5AAD42D08FCBE00C1B736;
					};
				};
			};
			buildConfigurationList = 9EE5AAD02D08FCBE00C1B736 /* Build configuration list for PBXProject "RecipeFinder" */;
			compatibilityVersion = "Xcode 14.0";
			developmentRegion = en;
			hasScannedForEncodings = 0;
			knownRegions = (
				en,
				Base,
			);
			mainGroup = 9EE5AACC2D08FCBE00C1B736;
			productRefGroup = 9EE5AAD62D08FCBE00C1B736 /* Products */;
			projectDirPath = "";
			projectRoot = "";
			targets = (
				9EE5AAD42D08FCBE00C1B736 /* RecipeFinder */,
				9EE5AAE62D08FCBF00C1B736 /* RecipeFinderTests */,
				9EE5AAF02D08FCBF00C1B736 /* RecipeFinderUITests */,
			);
		};
/* End PBXProject section */

/* Begin PBXResourcesBuildPhase section */
		9EE5AAD32D08FCBE00C1B736 /* Resources */ = {
			isa = PBXResourcesBuildPhase;
			buildActionMask = 2147483647;
			files = (
				9EE5AAE22D08FCBF00C1B736 /* Preview Assets.xcassets in Resources */,
				9EE5AADF2D08FCBF00C1B736 /* Assets.xcassets in Resources */,
			);
			runOnlyForDeploymentPostprocessing = 0;
		};
		9EE5AAE52D08FCBF00C1B736 /* Resources */ = {
			isa = PBXResourcesBuildPhase;
			buildActionMask = 2147483647;
			files = (
			);
			runOnlyForDeploymentPostprocessing = 0;
		};
		9EE5AAEF2D08FCBF00C1B736 /* Resources */ = {
			isa = PBXResourcesBuildPhase;
			buildActionMask = 2147483647;
			files = (
			);
			runOnlyForDeploymentPostprocessing = 0;
		};
/* End PBXResourcesBuildPhase section */

/* Begin PBXSourcesBuildPhase section */
		9EE5AAD12D08FCBE00C1B736 /* Sources */ = {
			isa = PBXSourcesBuildPhase;
			buildActionMask = 2147483647;
			files = (
				9EE5AADB2D08FCBE00C1B736 /* ContentView.swift in Sources */,
				9EE5AADD2D08FCBE00C1B736 /* Item.swift in Sources */,
				9EE5AAD92D08FCBE00C1B736 /* RecipeFinderApp.swift in Sources */,
				9E605FFE2D0985BD00236896 /* PersistenceController.swift in Sources */,
				9E6060032D09CB6400236896 /* RecipeModel.xcdatamodeld in Sources */,
			);
			runOnlyForDeploymentPostprocessing = 0;
		};
		9EE5AAE32D08FCBF00C1B736 /* Sources */ = {
			isa = PBXSourcesBuildPhase;
			buildActionMask = 2147483647;
			files = (
				9EE5AAEC2D08FCBF00C1B736 /* RecipeFinderTests.swift in Sources */,
			);
			runOnlyForDeploymentPostprocessing = 0;
		};
		9EE5AAED2D08FCBF00C1B736 /* Sources */ = {
			isa = PBXSourcesBuildPhase;
			buildActionMask = 2147483647;
			files = (
				9EE5AAF82D08FCBF00C1B736 /* RecipeFinderUITestsLaunchTests.swift in Sources */,
				9EE5AAF62D08FCBF00C1B736 /* RecipeFinderUITests.swift in Sources */,
			);
			runOnlyForDeploymentPostprocessing = 0;
		};
/* End PBXSourcesBuildPhase section */

/* Begin PBXTargetDependency section */
		9EE5AAE92D08FCBF00C1B736 /* PBXTargetDependency */ = {
			isa = PBXTargetDependency;
			target = 9EE5AAD42D08FCBE00C1B736 /* RecipeFinder */;
			targetProxy = 9EE5AAE82D08FCBF00C1B736 /* PBXContainerItemProxy */;
		};
		9EE5AAF32D08FCBF00C1B736 /* PBXTargetDependency */ = {
			isa = PBXTargetDependency;
			target = 9EE5AAD42D08FCBE00C1B736 /* RecipeFinder */;
			targetProxy = 9EE5AAF22D08FCBF00C1B736 /* PBXContainerItemProxy */;
		};
/* End PBXTargetDependency section */

/* Begin XCBuildConfiguration section */
		9EE5AAF92D08FCBF00C1B736 /* Debug */ = {
			isa = XCBuildConfiguration;
			buildSettings = {
				ALWAYS_SEARCH_USER_PATHS = NO;
				ASSETCATALOG_COMPILER_GENERATE_SWIFT_ASSET_SYMBOL_EXTENSIONS = YES;
				CLANG_ANALYZER_NONNULL = YES;
				CLANG_ANALYZER_NUMBER_OBJECT_CONVERSION = YES_AGGRESSIVE;
				CLANG_CXX_LANGUAGE_STANDARD = "gnu++20";
				CLANG_ENABLE_MODULES = YES;
				CLANG_ENABLE_OBJC_ARC = YES;
				CLANG_ENABLE_OBJC_WEAK = YES;
				CLANG_WARN_BLOCK_CAPTURE_AUTORELEASING = YES;
				CLANG_WARN_BOOL_CONVERSION = YES;
				CLANG_WARN_COMMA = YES;
				CLANG_WARN_CONSTANT_CONVERSION = YES;
				CLANG_WARN_DEPRECATED_OBJC_IMPLEMENTATIONS = YES;
				CLANG_WARN_DIRECT_OBJC_ISA_USAGE = YES_ERROR;
				CLANG_WARN_DOCUMENTATION_COMMENTS = YES;
				CLANG_WARN_EMPTY_BODY = YES;
				CLANG_WARN_ENUM_CONVERSION = YES;
				CLANG_WARN_INFINITE_RECURSION = YES;
				CLANG_WARN_INT_CONVERSION = YES;
				CLANG_WARN_NON_LITERAL_NULL_CONVERSION = YES;
				CLANG_WARN_OBJC_IMPLICIT_RETAIN_SELF = YES;
				CLANG_WARN_OBJC_LITERAL_CONVERSION = YES;
				CLANG_WARN_OBJC_ROOT_CLASS = YES_ERROR;
				CLANG_WARN_QUOTED_INCLUDE_IN_FRAMEWORK_HEADER = YES;
				CLANG_WARN_RANGE_LOOP_ANALYSIS = YES;
				CLANG_WARN_STRICT_PROTOTYPES = YES;
				CLANG_WARN_SUSPICIOUS_MOVE = YES;
				CLANG_WARN_UNGUARDED_AVAILABILITY = YES_AGGRESSIVE;
				CLANG_WARN_UNREACHABLE_CODE = YES;
				CLANG_WARN__DUPLICATE_METHOD_MATCH = YES;
				COPY_PHASE_STRIP = NO;
				DEBUG_INFORMATION_FORMAT = dwarf;
				ENABLE_STRICT_OBJC_MSGSEND = YES;
				ENABLE_TESTABILITY = YES;
				ENABLE_USER_SCRIPT_SANDBOXING = YES;
				GCC_C_LANGUAGE_STANDARD = gnu17;
				GCC_DYNAMIC_NO_PIC = NO;
				GCC_NO_COMMON_BLOCKS = YES;
				GCC_OPTIMIZATION_LEVEL = 0;
				GCC_PREPROCESSOR_DEFINITIONS = (
					"DEBUG=1",
					"$(inherited)",
				);
				GCC_WARN_64_TO_32_BIT_CONVERSION = YES;
				GCC_WARN_ABOUT_RETURN_TYPE = YES_ERROR;
				GCC_WARN_UNDECLARED_SELECTOR = YES;
				GCC_WARN_UNINITIALIZED_AUTOS = YES_AGGRESSIVE;
				GCC_WARN_UNUSED_FUNCTION = YES;
				GCC_WARN_UNUSED_VARIABLE = YES;
				IPHONEOS_DEPLOYMENT_TARGET = 17.5;
				LOCALIZATION_PREFERS_STRING_CATALOGS = YES;
				MTL_ENABLE_DEBUG_INFO = INCLUDE_SOURCE;
				MTL_FAST_MATH = YES;
				ONLY_ACTIVE_ARCH = YES;
				SDKROOT = iphoneos;
				SWIFT_ACTIVE_COMPILATION_CONDITIONS = "DEBUG $(inherited)";
				SWIFT_OPTIMIZATION_LEVEL = "-Onone";
			};
			name = Debug;
		};
		9EE5AAFA2D08FCBF00C1B736 /* Release */ = {
			isa = XCBuildConfiguration;
			buildSettings = {
				ALWAYS_SEARCH_USER_PATHS = NO;
				ASSETCATALOG_COMPILER_GENERATE_SWIFT_ASSET_SYMBOL_EXTENSIONS = YES;
				CLANG_ANALYZER_NONNULL = YES;
				CLANG_ANALYZER_NUMBER_OBJECT_CONVERSION = YES_AGGRESSIVE;
				CLANG_CXX_LANGUAGE_STANDARD = "gnu++20";
				CLANG_ENABLE_MODULES = YES;
				CLANG_ENABLE_OBJC_ARC = YES;
				CLANG_ENABLE_OBJC_WEAK = YES;
				CLANG_WARN_BLOCK_CAPTURE_AUTORELEASING = YES;
				CLANG_WARN_BOOL_CONVERSION = YES;
				CLANG_WARN_COMMA = YES;
				CLANG_WARN_CONSTANT_CONVERSION = YES;
				CLANG_WARN_DEPRECATED_OBJC_IMPLEMENTATIONS = YES;
				CLANG_WARN_DIRECT_OBJC_ISA_USAGE = YES_ERROR;
				CLANG_WARN_DOCUMENTATION_COMMENTS = YES;
				CLANG_WARN_EMPTY_BODY = YES;
				CLANG_WARN_ENUM_CONVERSION = YES;
				CLANG_WARN_INFINITE_RECURSION = YES;
				CLANG_WARN_INT_CONVERSION = YES;
				CLANG_WARN_NON_LITERAL_NULL_CONVERSION = YES;
				CLANG_WARN_OBJC_IMPLICIT_RETAIN_SELF = YES;
				CLANG_WARN_OBJC_LITERAL_CONVERSION = YES;
				CLANG_WARN_OBJC_ROOT_CLASS = YES_ERROR;
				CLANG_WARN_QUOTED_INCLUDE_IN_FRAMEWORK_HEADER = YES;
				CLANG_WARN_RANGE_LOOP_ANALYSIS = YES;
				CLANG_WARN_STRICT_PROTOTYPES = YES;
				CLANG_WARN_SUSPICIOUS_MOVE = YES;
				CLANG_WARN_UNGUARDED_AVAILABILITY = YES_AGGRESSIVE;
				CLANG_WARN_UNREACHABLE_CODE = YES;
				CLANG_WARN__DUPLICATE_METHOD_MATCH = YES;
				COPY_PHASE_STRIP = NO;
				DEBUG_INFORMATION_FORMAT = "dwarf-with-dsym";
				ENABLE_NS_ASSERTIONS = NO;
				ENABLE_STRICT_OBJC_MSGSEND = YES;
				ENABLE_USER_SCRIPT_SANDBOXING = YES;
				GCC_C_LANGUAGE_STANDARD = gnu17;
				GCC_NO_COMMON_BLOCKS = YES;
				GCC_WARN_64_TO_32_BIT_CONVERSION = YES;
				GCC_WARN_ABOUT_RETURN_TYPE = YES_ERROR;
				GCC_WARN_UNDECLARED_SELECTOR = YES;
				GCC_WARN_UNINITIALIZED_AUTOS = YES_AGGRESSIVE;
				GCC_WARN_UNUSED_FUNCTION = YES;
				GCC_WARN_UNUSED_VARIABLE = YES;
				IPHONEOS_DEPLOYMENT_TARGET = 17.5;
				LOCALIZATION_PREFERS_STRING_CATALOGS = YES;
				MTL_ENABLE_DEBUG_INFO = NO;
				MTL_FAST_MATH = YES;
				SDKROOT = iphoneos;
				SWIFT_COMPILATION_MODE = wholemodule;
				VALIDATE_PRODUCT = YES;
			};
			name = Release;
		};
		9EE5AAFC2D08FCBF00C1B736 /* Debug */ = {
			isa = XCBuildConfiguration;
			buildSettings = {
				ASSETCATALOG_COMPILER_APPICON_NAME = AppIcon;
				ASSETCATALOG_COMPILER_GLOBAL_ACCENT_COLOR_NAME = AccentColor;
				CODE_SIGN_STYLE = Automatic;
				CURRENT_PROJECT_VERSION = 1;
				DEVELOPMENT_ASSET_PATHS = "\"RecipeFinder/Preview Content\"";
				DEVELOPMENT_TEAM = A6BJYF9NCW;
				ENABLE_PREVIEWS = YES;
				GENERATE_INFOPLIST_FILE = YES;
				INFOPLIST_KEY_UIApplicationSceneManifest_Generation = YES;
				INFOPLIST_KEY_UIApplicationSupportsIndirectInputEvents = YES;
				INFOPLIST_KEY_UILaunchScreen_Generation = YES;
				INFOPLIST_KEY_UISupportedInterfaceOrientations_iPad = "UIInterfaceOrientationPortrait UIInterfaceOrientationPortraitUpsideDown UIInterfaceOrientationLandscapeLeft UIInterfaceOrientationLandscapeRight";
				INFOPLIST_KEY_UISupportedInterfaceOrientations_iPhone = "UIInterfaceOrientationPortrait UIInterfaceOrientationLandscapeLeft UIInterfaceOrientationLandscapeRight";
				LD_RUNPATH_SEARCH_PATHS = (
					"$(inherited)",
					"@executable_path/Frameworks",
				);
				MARKETING_VERSION = 1.0;
				PRODUCT_BUNDLE_IDENTIFIER = AyKay.RecipeFinder;
				PRODUCT_NAME = "$(TARGET_NAME)";
				SWIFT_EMIT_LOC_STRINGS = YES;
				SWIFT_VERSION = 5.0;
				TARGETED_DEVICE_FAMILY = "1,2";
			};
			name = Debug;
		};
		9EE5AAFD2D08FCBF00C1B736 /* Release */ = {
			isa = XCBuildConfiguration;
			buildSettings = {
				ASSETCATALOG_COMPILER_APPICON_NAME = AppIcon;
				ASSETCATALOG_COMPILER_GLOBAL_ACCENT_COLOR_NAME = AccentColor;
				CODE_SIGN_STYLE = Automatic;
				CURRENT_PROJECT_VERSION = 1;
				DEVELOPMENT_ASSET_PATHS = "\"RecipeFinder/Preview Content\"";
				DEVELOPMENT_TEAM = A6BJYF9NCW;
				ENABLE_PREVIEWS = YES;
				GENERATE_INFOPLIST_FILE = YES;
				INFOPLIST_KEY_UIApplicationSceneManifest_Generation = YES;
				INFOPLIST_KEY_UIApplicationSupportsIndirectInputEvents = YES;
				INFOPLIST_KEY_UILaunchScreen_Generation = YES;
				INFOPLIST_KEY_UISupportedInterfaceOrientations_iPad = "UIInterfaceOrientationPortrait UIInterfaceOrientationPortraitUpsideDown UIInterfaceOrientationLandscapeLeft UIInterfaceOrientationLandscapeRight";
				INFOPLIST_KEY_UISupportedInterfaceOrientations_iPhone = "UIInterfaceOrientationPortrait UIInterfaceOrientationLandscapeLeft UIInterfaceOrientationLandscapeRight";
				LD_RUNPATH_SEARCH_PATHS = (
					"$(inherited)",
					"@executable_path/Frameworks",
				);
				MARKETING_VERSION = 1.0;
				PRODUCT_BUNDLE_IDENTIFIER = AyKay.RecipeFinder;
				PRODUCT_NAME = "$(TARGET_NAME)";
				SWIFT_EMIT_LOC_STRINGS = YES;
				SWIFT_VERSION = 5.0;
				TARGETED_DEVICE_FAMILY = "1,2";
			};
			name = Release;
		};
		9EE5AAFF2D08FCBF00C1B736 /* Debug */ = {
			isa = XCBuildConfiguration;
			buildSettings = {
				ALWAYS_EMBED_SWIFT_STANDARD_LIBRARIES = YES;
				BUNDLE_LOADER = "$(TEST_HOST)";
				CODE_SIGN_STYLE = Automatic;
				CURRENT_PROJECT_VERSION = 1;
				GENERATE_INFOPLIST_FILE = YES;
				IPHONEOS_DEPLOYMENT_TARGET = 17.5;
				MARKETING_VERSION = 1.0;
				PRODUCT_BUNDLE_IDENTIFIER = AyKay.RecipeFinderTests;
				PRODUCT_NAME = "$(TARGET_NAME)";
				SWIFT_EMIT_LOC_STRINGS = NO;
				SWIFT_VERSION = 5.0;
				TARGETED_DEVICE_FAMILY = "1,2";
				TEST_HOST = "$(BUILT_PRODUCTS_DIR)/RecipeFinder.app/$(BUNDLE_EXECUTABLE_FOLDER_PATH)/RecipeFinder";
			};
			name = Debug;
		};
		9EE5AB002D08FCBF00C1B736 /* Release */ = {
			isa = XCBuildConfiguration;
			buildSettings = {
				ALWAYS_EMBED_SWIFT_STANDARD_LIBRARIES = YES;
				BUNDLE_LOADER = "$(TEST_HOST)";
				CODE_SIGN_STYLE = Automatic;
				CURRENT_PROJECT_VERSION = 1;
				GENERATE_INFOPLIST_FILE = YES;
				IPHONEOS_DEPLOYMENT_TARGET = 17.5;
				MARKETING_VERSION = 1.0;
				PRODUCT_BUNDLE_IDENTIFIER = AyKay.RecipeFinderTests;
				PRODUCT_NAME = "$(TARGET_NAME)";
				SWIFT_EMIT_LOC_STRINGS = NO;
				SWIFT_VERSION = 5.0;
				TARGETED_DEVICE_FAMILY = "1,2";
				TEST_HOST = "$(BUILT_PRODUCTS_DIR)/RecipeFinder.app/$(BUNDLE_EXECUTABLE_FOLDER_PATH)/RecipeFinder";
			};
			name = Release;
		};
		9EE5AB022D08FCBF00C1B736 /* Debug */ = {
			isa = XCBuildConfiguration;
			buildSettings = {
				ALWAYS_EMBED_SWIFT_STANDARD_LIBRARIES = YES;
				CODE_SIGN_STYLE = Automatic;
				CURRENT_PROJECT_VERSION = 1;
				GENERATE_INFOPLIST_FILE = YES;
				MARKETING_VERSION = 1.0;
				PRODUCT_BUNDLE_IDENTIFIER = AyKay.RecipeFinderUITests;
				PRODUCT_NAME = "$(TARGET_NAME)";
				SWIFT_EMIT_LOC_STRINGS = NO;
				SWIFT_VERSION = 5.0;
				TARGETED_DEVICE_FAMILY = "1,2";
				TEST_TARGET_NAME = RecipeFinder;
			};
			name = Debug;
		};
		9EE5AB032D08FCBF00C1B736 /* Release */ = {
			isa = XCBuildConfiguration;
			buildSettings = {
				ALWAYS_EMBED_SWIFT_STANDARD_LIBRARIES = YES;
				CODE_SIGN_STYLE = Automatic;
				CURRENT_PROJECT_VERSION = 1;
				GENERATE_INFOPLIST_FILE = YES;
				MARKETING_VERSION = 1.0;
				PRODUCT_BUNDLE_IDENTIFIER = AyKay.RecipeFinderUITests;
				PRODUCT_NAME = "$(TARGET_NAME)";
				SWIFT_EMIT_LOC_STRINGS = NO;
				SWIFT_VERSION = 5.0;
				TARGETED_DEVICE_FAMILY = "1,2";
				TEST_TARGET_NAME = RecipeFinder;
			};
			name = Release;
		};
/* End XCBuildConfiguration section */

/* Begin XCConfigurationList section */
		9EE5AAD02D08FCBE00C1B736 /* Build configuration list for PBXProject "RecipeFinder" */ = {
			isa = XCConfigurationList;
			buildConfigurations = (
				9EE5AAF92D08FCBF00C1B736 /* Debug */,
				9EE5AAFA2D08FCBF00C1B736 /* Release */,
			);
			defaultConfigurationIsVisible = 0;
			defaultConfigurationName = Release;
		};
		9EE5AAFB2D08FCBF00C1B736 /* Build configuration list for PBXNativeTarget "RecipeFinder" */ = {
			isa = XCConfigurationList;
			buildConfigurations = (
				9EE5AAFC2D08FCBF00C1B736 /* Debug */,
				9EE5AAFD2D08FCBF00C1B736 /* Release */,
			);
			defaultConfigurationIsVisible = 0;
			defaultConfigurationName = Release;
		};
		9EE5AAFE2D08FCBF00C1B736 /* Build configuration list for PBXNativeTarget "RecipeFinderTests" */ = {
			isa = XCConfigurationList;
			buildConfigurations = (
				9EE5AAFF2D08FCBF00C1B736 /* Debug */,
				9EE5AB002D08FCBF00C1B736 /* Release */,
			);
			defaultConfigurationIsVisible = 0;
			defaultConfigurationName = Release;
		};
		9EE5AB012D08FCBF00C1B736 /* Build configuration list for PBXNativeTarget "RecipeFinderUITests" */ = {
			isa = XCConfigurationList;
			buildConfigurations = (
				9EE5AB022D08FCBF00C1B736 /* Debug */,
				9EE5AB032D08FCBF00C1B736 /* Release */,
			);
			defaultConfigurationIsVisible = 0;
			defaultConfigurationName = Release;
		};
/* End XCConfigurationList section */

/* Begin XCVersionGroup section */
		9E6060002D09CB6400236896 /* RecipeModel.xcdatamodeld */ = {
			isa = XCVersionGroup;
			children = (
				9EC3AE602D0BA9A4006C30E1 /* RecipeModel 7.xcdatamodel */,
				9EC3AE5F2D0BA3C8006C30E1 /* RecipeModel 6.xcdatamodel */,
				9EC3AE5E2D0B772D006C30E1 /* RecipeModel 5.xcdatamodel */,
				9EEDD0812D09F955003C7296 /* RecipeModel 4.xcdatamodel */,
				9EA777B82D09F1E000C3422A /* RecipeModel 3.xcdatamodel */,
				9E6060012D09CB6400236896 /* RecipeModel.xcdatamodel */,
				9E6060022D09CB6400236896 /* RecipeModel 2.xcdatamodel */,
			);
			currentVersion = 9EC3AE602D0BA9A4006C30E1 /* RecipeModel 7.xcdatamodel */;
			name = RecipeModel.xcdatamodeld;
			path = /Users/asad.e.khan/Documents/Personal/app_ideas/RecipeFinder/RecipeFinder/RecipeModel.xcdatamodeld;
			sourceTree = "<group>";
			versionGroupType = wrapper.xcdatamodel;
		};
/* End XCVersionGroup section */
	};
	rootObject = 9EE5AACD2D08FCBE00C1B736 /* Project object */;
}
