// !$*UTF8*$!
{
	archiveVersion = 1;
	classes = {
	};
	objectVersion = 56;
	objects = {

/* Begin PBXBuildFile section */
		9E212D722EB12375005743F7 /* RecipeShareUtility.swift in Sources */ = {isa = PBXBuildFile; fileRef = 9E212D712EB12375005743F7 /* RecipeShareUtility.swift */; };
		9E2E34212E9D9F8500E2E49F /* KitchenView.swift in Sources */ = {isa = PBXBuildFile; fileRef = 9E2E34202E9D9F8500E2E49F /* KitchenView.swift */; };
		9E2E34242E9DA10000E2E49F /* FlowLayout.swift in Sources */ = {isa = PBXBuildFile; fileRef = 9E2E34232E9DA10000E2E49F /* FlowLayout.swift */; };
		9E4DC7382E9BF19700E17DDF /* AppTheme.swift in Sources */ = {isa = PBXBuildFile; fileRef = 9E4DC7372E9BF19700E17DDF /* AppTheme.swift */; };
		9E4DC73A2E9C0EBD00E17DDF /* ShoppingListItem.swift in Sources */ = {isa = PBXBuildFile; fileRef = 9E4DC7392E9C0EB800E17DDF /* ShoppingListItem.swift */; };
		9E4DC73C2E9C10D500E17DDF /* CardView.swift in Sources */ = {isa = PBXBuildFile; fileRef = 9E4DC73B2E9C10CC00E17DDF /* CardView.swift */; };
		9E4DC73E2E9C10E300E17DDF /* CompactRecipeCard.swift in Sources */ = {isa = PBXBuildFile; fileRef = 9E4DC73D2E9C10DC00E17DDF /* CompactRecipeCard.swift */; };
		9E4DC7402E9C10F000E17DDF /* RecipeCard.swift in Sources */ = {isa = PBXBuildFile; fileRef = 9E4DC73F2E9C10EB00E17DDF /* RecipeCard.swift */; };
		9E4DC7422E9C10FC00E17DDF /* RecipeImageView.swift in Sources */ = {isa = PBXBuildFile; fileRef = 9E4DC7412E9C10F800E17DDF /* RecipeImageView.swift */; };
		9E4DC7442E9C110600E17DDF /* ModernSearchBar.swift in Sources */ = {isa = PBXBuildFile; fileRef = 9E4DC7432E9C110200E17DDF /* ModernSearchBar.swift */; };
		9E4DC7462E9C111000E17DDF /* InfoPairView.swift in Sources */ = {isa = PBXBuildFile; fileRef = 9E4DC7452E9C110D00E17DDF /* InfoPairView.swift */; };
		9E4DC7482E9C114300E17DDF /* IngredientRowView.swift in Sources */ = {isa = PBXBuildFile; fileRef = 9E4DC7472E9C111800E17DDF /* IngredientRowView.swift */; };
		9E4DC74B2E9C118300E17DDF /* IngredientButton.swift in Sources */ = {isa = PBXBuildFile; fileRef = 9E4DC74A2E9C117F00E17DDF /* IngredientButton.swift */; };
		9E4DC74D2E9C119000E17DDF /* ShoppingListInputBar.swift in Sources */ = {isa = PBXBuildFile; fileRef = 9E4DC74C2E9C118B00E17DDF /* ShoppingListInputBar.swift */; };
		9E4DC7502E9C11FB00E17DDF /* RecipeDetailView.swift in Sources */ = {isa = PBXBuildFile; fileRef = 9E4DC74F2E9C11F400E17DDF /* RecipeDetailView.swift */; };
		9E4DC7522E9C12A900E17DDF /* IngredientSearchView.swift in Sources */ = {isa = PBXBuildFile; fileRef = 9E4DC7512E9C129C00E17DDF /* IngredientSearchView.swift */; };
		9E4DC7542E9C12B200E17DDF /* ShoppingListView.swift in Sources */ = {isa = PBXBuildFile; fileRef = 9E4DC7532E9C12AF00E17DDF /* ShoppingListView.swift */; };
		9E4DC7582E9C136E00E17DDF /* RecipeViewMode.swift in Sources */ = {isa = PBXBuildFile; fileRef = 9E4DC7572E9C136B00E17DDF /* RecipeViewMode.swift */; };
		9E4DC75A2E9C197A00E17DDF /* SampleRecipeData.swift in Sources */ = {isa = PBXBuildFile; fileRef = 9E4DC7592E9C196A00E17DDF /* SampleRecipeData.swift */; };
		9E4DC75C2E9C198300E17DDF /* RecipeDataExtensions.swift in Sources */ = {isa = PBXBuildFile; fileRef = 9E4DC75B2E9C197D00E17DDF /* RecipeDataExtensions.swift */; };
		9E4DC7602E9C1B6A00E17DDF /* RecipeModel.swift in Sources */ = {isa = PBXBuildFile; fileRef = 9E4DC75F2E9C1B6700E17DDF /* RecipeModel.swift */; };
		9E4DC7622E9C5D8A00E17DDF /* ShoppingListManager.swift in Sources */ = {isa = PBXBuildFile; fileRef = 9E4DC7612E9C5D8A00E17DDF /* ShoppingListManager.swift */; };
		9E4DC7672E9C603B00E17DDF /* CategoryClassifier.swift in Sources */ = {isa = PBXBuildFile; fileRef = 9E4DC7652E9C603B00E17DDF /* CategoryClassifier.swift */; };
		9E4DC7692E9D738500E17DDF /* FilterComponents.swift in Sources */ = {isa = PBXBuildFile; fileRef = 9E4DC7682E9D738500E17DDF /* FilterComponents.swift */; };
		9E51C3922EB3DE580064B917 /* RecipeWizardView.swift in Sources */ = {isa = PBXBuildFile; fileRef = 9E51C3912EB3DE580064B917 /* RecipeWizardView.swift */; };
		9E51C3942EB3E3200064B917 /* FoodsList.swift in Sources */ = {isa = PBXBuildFile; fileRef = 9E51C3932EB3E3200064B917 /* FoodsList.swift */; };
		9E51C3972EB3E6540064B917 /* MealPlanningView.swift in Sources */ = {isa = PBXBuildFile; fileRef = 9E51C3952EB3E6540064B917 /* MealPlanningView.swift */; };
		9E51C39A2EB3E9C20064B917 /* AccountView.swift in Sources */ = {isa = PBXBuildFile; fileRef = 9E51C3982EB3E9C20064B917 /* AccountView.swift */; };
		9E51C39C2EB3EAA10064B917 /* AccountManager.swift in Sources */ = {isa = PBXBuildFile; fileRef = 9E51C39B2EB3EAA10064B917 /* AccountManager.swift */; };
		9E51C3A12EB406AD0064B917 /* CookTimerView.swift in Sources */ = {isa = PBXBuildFile; fileRef = 9E51C39F2EB406AD0064B917 /* CookTimerView.swift */; };
		9E51C3A52EB40DA20064B917 /* AuthenticationManager.swift in Sources */ = {isa = PBXBuildFile; fileRef = 9E51C3A42EB40DA20064B917 /* AuthenticationManager.swift */; };
		9E51C3A82EB40DC90064B917 /* AuthenticationView.swift in Sources */ = {isa = PBXBuildFile; fileRef = 9E51C3A62EB40DC90064B917 /* AuthenticationView.swift */; };
		9E5447AF2EAA867600AD6D0A /* Constants.swift in Sources */ = {isa = PBXBuildFile; fileRef = 9E5447AD2EAA867600AD6D0A /* Constants.swift */; };
		9E5447B02EAA867600AD6D0A /* Extensions.swift in Sources */ = {isa = PBXBuildFile; fileRef = 9E5447AE2EAA867600AD6D0A /* Extensions.swift */; };
		9E5447B22EAA92B900AD6D0A /* HapticManager.swift in Sources */ = {isa = PBXBuildFile; fileRef = 9E5447B12EAA92B900AD6D0A /* HapticManager.swift */; };
		9E5447B42EABEDB200AD6D0A /* DifficultyBarsView.swift in Sources */ = {isa = PBXBuildFile; fileRef = 9E5447B32EABEDB200AD6D0A /* DifficultyBarsView.swift */; };
		9E5447B62EB0270700AD6D0A /* UnitConversion.swift in Sources */ = {isa = PBXBuildFile; fileRef = 9E5447B52EB0270700AD6D0A /* UnitConversion.swift */; };
		9E5447B82EB0407F00AD6D0A /* RecipeImporter.swift in Sources */ = {isa = PBXBuildFile; fileRef = 9E5447B72EB0407F00AD6D0A /* RecipeImporter.swift */; };
		9E5447BA2EB0409700AD6D0A /* RecipeImportView.swift in Sources */ = {isa = PBXBuildFile; fileRef = 9E5447B92EB0409700AD6D0A /* RecipeImportView.swift */; };
		9E605FFE2D0985BD00236896 /* PersistenceController.swift in Sources */ = {isa = PBXBuildFile; fileRef = 9E605FFD2D0985BD00236896 /* PersistenceController.swift */; };
		9E6060032D09CB6400236896 /* RecipeModel.xcdatamodeld in Sources */ = {isa = PBXBuildFile; fileRef = 9E6060002D09CB6400236896 /* RecipeModel.xcdatamodeld */; };
		9E6CF3AA2D83092A00D79DD6 /* ConfettiSwiftUI in Frameworks */ = {isa = PBXBuildFile; productRef = 9E6CF3A92D83092A00D79DD6 /* ConfettiSwiftUI */; };
		9E77ABEE2EB412C600666BB0 /* SecureCredentialManager.swift in Sources */ = {isa = PBXBuildFile; fileRef = 9E77ABEC2EB412C600666BB0 /* SecureCredentialManager.swift */; };
		9E77ABF02EB4309A00666BB0 /* IngredientNormalizer.swift in Sources */ = {isa = PBXBuildFile; fileRef = 9E77ABEF2EB4309A00666BB0 /* IngredientNormalizer.swift */; };
		9E77ABF22EB430BC00666BB0 /* DeveloperDocumentationView.swift in Sources */ = {isa = PBXBuildFile; fileRef = 9E77ABF12EB430BC00666BB0 /* DeveloperDocumentationView.swift */; };
		9E77ABF42EB4483100666BB0 /* SettingsView.swift in Sources */ = {isa = PBXBuildFile; fileRef = 9E77ABF32EB4483100666BB0 /* SettingsView.swift */; };
		9E77ABF82EB4553400666BB0 /* ModernCircleButton.swift in Sources */ = {isa = PBXBuildFile; fileRef = 9E77ABF72EB4553400666BB0 /* ModernCircleButton.swift */; };
		9E77ABFA2EB4554000666BB0 /* AnimatedHeartButton.swift in Sources */ = {isa = PBXBuildFile; fileRef = 9E77ABF92EB4554000666BB0 /* AnimatedHeartButton.swift */; };
		9E7B9A862E9BED16007E1786 /* RecipeSearchView.swift in Sources */ = {isa = PBXBuildFile; fileRef = 9E7B9A852E9BED12007E1786 /* RecipeSearchView.swift */; };
		9E83ED8F2EA78A3900425CC0 /* KitchenInventoryManager.swift in Sources */ = {isa = PBXBuildFile; fileRef = 9E83ED8E2EA78A3900425CC0 /* KitchenInventoryManager.swift */; };
		9E87D3292EB6722300FFA1D1 /* BiometricSetupView.swift in Sources */ = {isa = PBXBuildFile; fileRef = 9E87D3282EB6722300FFA1D1 /* BiometricSetupView.swift */; };
		9E87D32B2EB67CEA00FFA1D1 /* ImagePicker.swift in Sources */ = {isa = PBXBuildFile; fileRef = 9E87D32A2EB67CEA00FFA1D1 /* ImagePicker.swift */; };
		9EA778FD2EB4A4B00028F064 /* OnboardingView.swift in Sources */ = {isa = PBXBuildFile; fileRef = 9EA778FC2EB4A4B00028F064 /* OnboardingView.swift */; };
		9EA779002EB4C36A0028F064 /* GuestModeSplashView.swift in Sources */ = {isa = PBXBuildFile; fileRef = 9EA778FF2EB4C36A0028F064 /* GuestModeSplashView.swift */; };
		9EA779012EB4C36A0028F064 /* EmailConfirmationSplashView.swift in Sources */ = {isa = PBXBuildFile; fileRef = 9EA778FE2EB4C36A0028F064 /* EmailConfirmationSplashView.swift */; };
		9EA779032EB4C6C90028F064 /* PasswordReminderSplashView.swift in Sources */ = {isa = PBXBuildFile; fileRef = 9EA779022EB4C6C90028F064 /* PasswordReminderSplashView.swift */; };
		9EA779052EB533230028F064 /* RecipeParser.swift in Sources */ = {isa = PBXBuildFile; fileRef = 9EA779042EB533230028F064 /* RecipeParser.swift */; };
		9EA779072EB5332B0028F064 /* TestHelpers.swift in Sources */ = {isa = PBXBuildFile; fileRef = 9EA779062EB5332B0028F064 /* TestHelpers.swift */; };
		9EA779092EB534CA0028F064 /* EditProfileView.swift in Sources */ = {isa = PBXBuildFile; fileRef = 9EA779082EB534CA0028F064 /* EditProfileView.swift */; };
		9EA7790C2EB56B630028F064 /* NoteModel.swift in Sources */ = {isa = PBXBuildFile; fileRef = 9EA7790A2EB56B630028F064 /* NoteModel.swift */; };
		9EA7790E2EB56B720028F064 /* NotesManager.swift in Sources */ = {isa = PBXBuildFile; fileRef = 9EA7790D2EB56B720028F064 /* NotesManager.swift */; };
		9EA779132EB56BA00028F064 /* NoteEditorView.swift in Sources */ = {isa = PBXBuildFile; fileRef = 9EA779102EB56BA00028F064 /* NoteEditorView.swift */; };
		9EA779142EB56BA00028F064 /* NotesListView.swift in Sources */ = {isa = PBXBuildFile; fileRef = 9EA779112EB56BA00028F064 /* NotesListView.swift */; };
		9EA779152EB56BA00028F064 /* NoteCardView.swift in Sources */ = {isa = PBXBuildFile; fileRef = 9EA7790F2EB56BA00028F064 /* NoteCardView.swift */; };
		9EA779182EB56F4F0028F064 /* KitchenInventoryItem.swift in Sources */ = {isa = PBXBuildFile; fileRef = 9EA779162EB56F4F0028F064 /* KitchenInventoryItem.swift */; };
		9EA7791B2EB570BC0028F064 /* MealPlanningManager.swift in Sources */ = {isa = PBXBuildFile; fileRef = 9EA7791A2EB570BC0028F064 /* MealPlanningManager.swift */; };
		9EA779202EB570D50028F064 /* CookTimer.swift in Sources */ = {isa = PBXBuildFile; fileRef = 9EA7791C2EB570D50028F064 /* CookTimer.swift */; };
		9EA779272EB5725D0028F064 /* MealPlanModel.swift in Sources */ = {isa = PBXBuildFile; fileRef = 9EA779252EB5725D0028F064 /* MealPlanModel.swift */; };
		9EA779292EB57D900028F064 /* StandardAppHeader.swift in Sources */ = {isa = PBXBuildFile; fileRef = 9EA779282EB57D900028F064 /* StandardAppHeader.swift */; };
		9EB04E5B2EB4704F0033C093 /* MoreView.swift in Sources */ = {isa = PBXBuildFile; fileRef = 9EB04E5A2EB4704F0033C093 /* MoreView.swift */; };
		9EE5AAD92D08FCBE00C1B736 /* RecipeFinderApp.swift in Sources */ = {isa = PBXBuildFile; fileRef = 9EE5AAD82D08FCBE00C1B736 /* RecipeFinderApp.swift */; };
		9EE5AADB2D08FCBE00C1B736 /* ContentView.swift in Sources */ = {isa = PBXBuildFile; fileRef = 9EE5AADA2D08FCBE00C1B736 /* ContentView.swift */; };
		9EE5AADF2D08FCBF00C1B736 /* Assets.xcassets in Resources */ = {isa = PBXBuildFile; fileRef = 9EE5AADE2D08FCBF00C1B736 /* Assets.xcassets */; };
		9EE5AAE22D08FCBF00C1B736 /* Preview Assets.xcassets in Resources */ = {isa = PBXBuildFile; fileRef = 9EE5AAE12D08FCBF00C1B736 /* Preview Assets.xcassets */; };
/* End PBXBuildFile section */

/* Begin PBXContainerItemProxy section */
		9EE5AAE82D08FCBF00C1B736 /* PBXContainerItemProxy */ = {
			isa = PBXContainerItemProxy;
			containerPortal = 9EE5AACD2D08FCBE00C1B736 /* Project object */;
			proxyType = 1;
			remoteGlobalIDString = 9EE5AAD42D08FCBE00C1B736;
			remoteInfo = RecipeFinder;
		};
		9EE5AAF22D08FCBF00C1B736 /* PBXContainerItemProxy */ = {
			isa = PBXContainerItemProxy;
			containerPortal = 9EE5AACD2D08FCBE00C1B736 /* Project object */;
			proxyType = 1;
			remoteGlobalIDString = 9EE5AAD42D08FCBE00C1B736;
			remoteInfo = RecipeFinder;
		};
/* End PBXContainerItemProxy section */

/* Begin PBXFileReference section */
		9E212D6F2EB12315005743F7 /* RecipeModel 9.xcdatamodel */ = {isa = PBXFileReference; lastKnownFileType = wrapper.xcdatamodel; path = "RecipeModel 9.xcdatamodel"; sourceTree = "<group>"; };
		9E212D702EB12315005743F7 /* RecipeModel 10.xcdatamodel */ = {isa = PBXFileReference; lastKnownFileType = wrapper.xcdatamodel; path = "RecipeModel 10.xcdatamodel"; sourceTree = "<group>"; };
		9E212D712EB12375005743F7 /* RecipeShareUtility.swift */ = {isa = PBXFileReference; lastKnownFileType = sourcecode.swift; path = RecipeShareUtility.swift; sourceTree = "<group>"; };
		9E2E34202E9D9F8500E2E49F /* KitchenView.swift */ = {isa = PBXFileReference; lastKnownFileType = sourcecode.swift; path = KitchenView.swift; sourceTree = "<group>"; };
		9E2E34232E9DA10000E2E49F /* FlowLayout.swift */ = {isa = PBXFileReference; lastKnownFileType = sourcecode.swift; path = FlowLayout.swift; sourceTree = "<group>"; };
		9E37D12A2D09082C005BC8FA /* readme.md */ = {isa = PBXFileReference; lastKnownFileType = net.daringfireball.markdown; path = readme.md; sourceTree = "<group>"; };
		9E45FAE32DC690E300F46909 /* RecipeModel 8.xcdatamodel */ = {isa = PBXFileReference; lastKnownFileType = wrapper.xcdatamodel; path = "RecipeModel 8.xcdatamodel"; sourceTree = "<group>"; };
		9E4DC7372E9BF19700E17DDF /* AppTheme.swift */ = {isa = PBXFileReference; lastKnownFileType = sourcecode.swift; path = AppTheme.swift; sourceTree = "<group>"; };
		9E4DC7392E9C0EB800E17DDF /* ShoppingListItem.swift */ = {isa = PBXFileReference; lastKnownFileType = sourcecode.swift; path = ShoppingListItem.swift; sourceTree = "<group>"; };
		9E4DC73B2E9C10CC00E17DDF /* CardView.swift */ = {isa = PBXFileReference; lastKnownFileType = sourcecode.swift; path = CardView.swift; sourceTree = "<group>"; };
		9E4DC73D2E9C10DC00E17DDF /* CompactRecipeCard.swift */ = {isa = PBXFileReference; lastKnownFileType = sourcecode.swift; path = CompactRecipeCard.swift; sourceTree = "<group>"; };
		9E4DC73F2E9C10EB00E17DDF /* RecipeCard.swift */ = {isa = PBXFileReference; lastKnownFileType = sourcecode.swift; path = RecipeCard.swift; sourceTree = "<group>"; };
		9E4DC7412E9C10F800E17DDF /* RecipeImageView.swift */ = {isa = PBXFileReference; lastKnownFileType = sourcecode.swift; path = RecipeImageView.swift; sourceTree = "<group>"; };
		9E4DC7432E9C110200E17DDF /* ModernSearchBar.swift */ = {isa = PBXFileReference; lastKnownFileType = sourcecode.swift; path = ModernSearchBar.swift; sourceTree = "<group>"; };
		9E4DC7452E9C110D00E17DDF /* InfoPairView.swift */ = {isa = PBXFileReference; lastKnownFileType = sourcecode.swift; path = InfoPairView.swift; sourceTree = "<group>"; };
		9E4DC7472E9C111800E17DDF /* IngredientRowView.swift */ = {isa = PBXFileReference; lastKnownFileType = sourcecode.swift; path = IngredientRowView.swift; sourceTree = "<group>"; };
		9E4DC74A2E9C117F00E17DDF /* IngredientButton.swift */ = {isa = PBXFileReference; lastKnownFileType = sourcecode.swift; path = IngredientButton.swift; sourceTree = "<group>"; };
		9E4DC74C2E9C118B00E17DDF /* ShoppingListInputBar.swift */ = {isa = PBXFileReference; lastKnownFileType = sourcecode.swift; path = ShoppingListInputBar.swift; sourceTree = "<group>"; };
		9E4DC74F2E9C11F400E17DDF /* RecipeDetailView.swift */ = {isa = PBXFileReference; lastKnownFileType = sourcecode.swift; path = RecipeDetailView.swift; sourceTree = "<group>"; };
		9E4DC7512E9C129C00E17DDF /* IngredientSearchView.swift */ = {isa = PBXFileReference; lastKnownFileType = sourcecode.swift; path = IngredientSearchView.swift; sourceTree = "<group>"; };
		9E4DC7532E9C12AF00E17DDF /* ShoppingListView.swift */ = {isa = PBXFileReference; lastKnownFileType = sourcecode.swift; path = ShoppingListView.swift; sourceTree = "<group>"; };
		9E4DC7572E9C136B00E17DDF /* RecipeViewMode.swift */ = {isa = PBXFileReference; lastKnownFileType = sourcecode.swift; path = RecipeViewMode.swift; sourceTree = "<group>"; };
		9E4DC7592E9C196A00E17DDF /* SampleRecipeData.swift */ = {isa = PBXFileReference; lastKnownFileType = sourcecode.swift; path = SampleRecipeData.swift; sourceTree = "<group>"; };
		9E4DC75B2E9C197D00E17DDF /* RecipeDataExtensions.swift */ = {isa = PBXFileReference; lastKnownFileType = sourcecode.swift; path = RecipeDataExtensions.swift; sourceTree = "<group>"; };
		9E4DC75F2E9C1B6700E17DDF /* RecipeModel.swift */ = {isa = PBXFileReference; lastKnownFileType = sourcecode.swift; path = RecipeModel.swift; sourceTree = "<group>"; };
		9E4DC7612E9C5D8A00E17DDF /* ShoppingListManager.swift */ = {isa = PBXFileReference; lastKnownFileType = sourcecode.swift; path = ShoppingListManager.swift; sourceTree = "<group>"; };
		9E4DC7652E9C603B00E17DDF /* CategoryClassifier.swift */ = {isa = PBXFileReference; lastKnownFileType = sourcecode.swift; path = CategoryClassifier.swift; sourceTree = "<group>"; };
		9E4DC7682E9D738500E17DDF /* FilterComponents.swift */ = {isa = PBXFileReference; lastKnownFileType = sourcecode.swift; path = FilterComponents.swift; sourceTree = "<group>"; };
		9E51C3912EB3DE580064B917 /* RecipeWizardView.swift */ = {isa = PBXFileReference; lastKnownFileType = sourcecode.swift; path = RecipeWizardView.swift; sourceTree = "<group>"; };
		9E51C3932EB3E3200064B917 /* FoodsList.swift */ = {isa = PBXFileReference; lastKnownFileType = sourcecode.swift; path = FoodsList.swift; sourceTree = "<group>"; };
		9E51C3952EB3E6540064B917 /* MealPlanningView.swift */ = {isa = PBXFileReference; lastKnownFileType = sourcecode.swift; path = MealPlanningView.swift; sourceTree = "<group>"; };
		9E51C3982EB3E9C20064B917 /* AccountView.swift */ = {isa = PBXFileReference; lastKnownFileType = sourcecode.swift; path = AccountView.swift; sourceTree = "<group>"; };
		9E51C39B2EB3EAA10064B917 /* AccountManager.swift */ = {isa = PBXFileReference; lastKnownFileType = sourcecode.swift; path = AccountManager.swift; sourceTree = "<group>"; };
		9E51C39F2EB406AD0064B917 /* CookTimerView.swift */ = {isa = PBXFileReference; lastKnownFileType = sourcecode.swift; path = CookTimerView.swift; sourceTree = "<group>"; };
		9E51C3A42EB40DA20064B917 /* AuthenticationManager.swift */ = {isa = PBXFileReference; lastKnownFileType = sourcecode.swift; path = AuthenticationManager.swift; sourceTree = "<group>"; };
		9E51C3A62EB40DC90064B917 /* AuthenticationView.swift */ = {isa = PBXFileReference; lastKnownFileType = sourcecode.swift; path = AuthenticationView.swift; sourceTree = "<group>"; };
		9E5447AD2EAA867600AD6D0A /* Constants.swift */ = {isa = PBXFileReference; lastKnownFileType = sourcecode.swift; path = Constants.swift; sourceTree = "<group>"; };
		9E5447AE2EAA867600AD6D0A /* Extensions.swift */ = {isa = PBXFileReference; lastKnownFileType = sourcecode.swift; path = Extensions.swift; sourceTree = "<group>"; };
		9E5447B12EAA92B900AD6D0A /* HapticManager.swift */ = {isa = PBXFileReference; lastKnownFileType = sourcecode.swift; path = HapticManager.swift; sourceTree = "<group>"; };
		9E5447B32EABEDB200AD6D0A /* DifficultyBarsView.swift */ = {isa = PBXFileReference; lastKnownFileType = sourcecode.swift; path = DifficultyBarsView.swift; sourceTree = "<group>"; };
		9E5447B52EB0270700AD6D0A /* UnitConversion.swift */ = {isa = PBXFileReference; lastKnownFileType = sourcecode.swift; path = UnitConversion.swift; sourceTree = "<group>"; };
		9E5447B72EB0407F00AD6D0A /* RecipeImporter.swift */ = {isa = PBXFileReference; lastKnownFileType = sourcecode.swift; path = RecipeImporter.swift; sourceTree = "<group>"; };
		9E5447B92EB0409700AD6D0A /* RecipeImportView.swift */ = {isa = PBXFileReference; lastKnownFileType = sourcecode.swift; path = RecipeImportView.swift; sourceTree = "<group>"; };
		9E605FFD2D0985BD00236896 /* PersistenceController.swift */ = {isa = PBXFileReference; lastKnownFileType = sourcecode.swift; path = PersistenceController.swift; sourceTree = "<group>"; };
		9E6060012D09CB6400236896 /* RecipeModel.xcdatamodel */ = {isa = PBXFileReference; lastKnownFileType = wrapper.xcdatamodel; path = RecipeModel.xcdatamodel; sourceTree = "<group>"; };
		9E6060022D09CB6400236896 /* RecipeModel 2.xcdatamodel */ = {isa = PBXFileReference; lastKnownFileType = wrapper.xcdatamodel; path = "RecipeModel 2.xcdatamodel"; sourceTree = "<group>"; };
		9E77ABEC2EB412C600666BB0 /* SecureCredentialManager.swift */ = {isa = PBXFileReference; lastKnownFileType = sourcecode.swift; path = SecureCredentialManager.swift; sourceTree = "<group>"; };
		9E77ABEF2EB4309A00666BB0 /* IngredientNormalizer.swift */ = {isa = PBXFileReference; lastKnownFileType = sourcecode.swift; path = IngredientNormalizer.swift; sourceTree = "<group>"; };
		9E77ABF12EB430BC00666BB0 /* DeveloperDocumentationView.swift */ = {isa = PBXFileReference; lastKnownFileType = sourcecode.swift; path = DeveloperDocumentationView.swift; sourceTree = "<group>"; };
		9E77ABF32EB4483100666BB0 /* SettingsView.swift */ = {isa = PBXFileReference; lastKnownFileType = sourcecode.swift; path = SettingsView.swift; sourceTree = "<group>"; };
		9E77ABF72EB4553400666BB0 /* ModernCircleButton.swift */ = {isa = PBXFileReference; lastKnownFileType = sourcecode.swift; path = ModernCircleButton.swift; sourceTree = "<group>"; };
		9E77ABF92EB4554000666BB0 /* AnimatedHeartButton.swift */ = {isa = PBXFileReference; lastKnownFileType = sourcecode.swift; path = AnimatedHeartButton.swift; sourceTree = "<group>"; };
		9E7B9A852E9BED12007E1786 /* RecipeSearchView.swift */ = {isa = PBXFileReference; lastKnownFileType = sourcecode.swift; path = RecipeSearchView.swift; sourceTree = "<group>"; };
		9E83ED8E2EA78A3900425CC0 /* KitchenInventoryManager.swift */ = {isa = PBXFileReference; lastKnownFileType = sourcecode.swift; path = KitchenInventoryManager.swift; sourceTree = "<group>"; };
		9E87D3282EB6722300FFA1D1 /* BiometricSetupView.swift */ = {isa = PBXFileReference; lastKnownFileType = sourcecode.swift; path = BiometricSetupView.swift; sourceTree = "<group>"; };
		9E87D32A2EB67CEA00FFA1D1 /* ImagePicker.swift */ = {isa = PBXFileReference; lastKnownFileType = sourcecode.swift; path = ImagePicker.swift; sourceTree = "<group>"; };
		9EA777B82D09F1E000C3422A /* RecipeModel 3.xcdatamodel */ = {isa = PBXFileReference; lastKnownFileType = wrapper.xcdatamodel; path = "RecipeModel 3.xcdatamodel"; sourceTree = "<group>"; };
		9EA778FC2EB4A4B00028F064 /* OnboardingView.swift */ = {isa = PBXFileReference; lastKnownFileType = sourcecode.swift; path = OnboardingView.swift; sourceTree = "<group>"; };
		9EA778FE2EB4C36A0028F064 /* EmailConfirmationSplashView.swift */ = {isa = PBXFileReference; lastKnownFileType = sourcecode.swift; path = EmailConfirmationSplashView.swift; sourceTree = "<group>"; };
		9EA778FF2EB4C36A0028F064 /* GuestModeSplashView.swift */ = {isa = PBXFileReference; lastKnownFileType = sourcecode.swift; path = GuestModeSplashView.swift; sourceTree = "<group>"; };
		9EA779022EB4C6C90028F064 /* PasswordReminderSplashView.swift */ = {isa = PBXFileReference; lastKnownFileType = sourcecode.swift; path = PasswordReminderSplashView.swift; sourceTree = "<group>"; };
		9EA779042EB533230028F064 /* RecipeParser.swift */ = {isa = PBXFileReference; lastKnownFileType = sourcecode.swift; path = RecipeParser.swift; sourceTree = "<group>"; };
		9EA779062EB5332B0028F064 /* TestHelpers.swift */ = {isa = PBXFileReference; lastKnownFileType = sourcecode.swift; path = TestHelpers.swift; sourceTree = "<group>"; };
		9EA779082EB534CA0028F064 /* EditProfileView.swift */ = {isa = PBXFileReference; lastKnownFileType = sourcecode.swift; path = EditProfileView.swift; sourceTree = "<group>"; };
		9EA7790A2EB56B630028F064 /* NoteModel.swift */ = {isa = PBXFileReference; lastKnownFileType = sourcecode.swift; path = NoteModel.swift; sourceTree = "<group>"; };
		9EA7790D2EB56B720028F064 /* NotesManager.swift */ = {isa = PBXFileReference; lastKnownFileType = sourcecode.swift; path = NotesManager.swift; sourceTree = "<group>"; };
		9EA7790F2EB56BA00028F064 /* NoteCardView.swift */ = {isa = PBXFileReference; lastKnownFileType = sourcecode.swift; path = NoteCardView.swift; sourceTree = "<group>"; };
		9EA779102EB56BA00028F064 /* NoteEditorView.swift */ = {isa = PBXFileReference; lastKnownFileType = sourcecode.swift; path = NoteEditorView.swift; sourceTree = "<group>"; };
		9EA779112EB56BA00028F064 /* NotesListView.swift */ = {isa = PBXFileReference; lastKnownFileType = sourcecode.swift; path = NotesListView.swift; sourceTree = "<group>"; };
		9EA779162EB56F4F0028F064 /* KitchenInventoryItem.swift */ = {isa = PBXFileReference; lastKnownFileType = sourcecode.swift; path = KitchenInventoryItem.swift; sourceTree = "<group>"; };
		9EA7791A2EB570BC0028F064 /* MealPlanningManager.swift */ = {isa = PBXFileReference; lastKnownFileType = sourcecode.swift; path = MealPlanningManager.swift; sourceTree = "<group>"; };
		9EA7791C2EB570D50028F064 /* CookTimer.swift */ = {isa = PBXFileReference; lastKnownFileType = sourcecode.swift; path = CookTimer.swift; sourceTree = "<group>"; };
		9EA779252EB5725D0028F064 /* MealPlanModel.swift */ = {isa = PBXFileReference; lastKnownFileType = sourcecode.swift; path = MealPlanModel.swift; sourceTree = "<group>"; };
		9EA779282EB57D900028F064 /* StandardAppHeader.swift */ = {isa = PBXFileReference; lastKnownFileType = sourcecode.swift; path = StandardAppHeader.swift; sourceTree = "<group>"; };
		9EB04E5A2EB4704F0033C093 /* MoreView.swift */ = {isa = PBXFileReference; lastKnownFileType = sourcecode.swift; path = MoreView.swift; sourceTree = "<group>"; };
		9EC3AE5E2D0B772D006C30E1 /* RecipeModel 5.xcdatamodel */ = {isa = PBXFileReference; lastKnownFileType = wrapper.xcdatamodel; path = "RecipeModel 5.xcdatamodel"; sourceTree = "<group>"; };
		9EC3AE5F2D0BA3C8006C30E1 /* RecipeModel 6.xcdatamodel */ = {isa = PBXFileReference; lastKnownFileType = wrapper.xcdatamodel; path = "RecipeModel 6.xcdatamodel"; sourceTree = "<group>"; };
		9EC3AE602D0BA9A4006C30E1 /* RecipeModel 7.xcdatamodel */ = {isa = PBXFileReference; lastKnownFileType = wrapper.xcdatamodel; path = "RecipeModel 7.xcdatamodel"; sourceTree = "<group>"; };
		9EC3AE612D0F430F006C30E1 /* RecipeModel 2.xcdatamodel */ = {isa = PBXFileReference; lastKnownFileType = wrapper.xcdatamodel; path = "RecipeModel 2.xcdatamodel"; sourceTree = "<group>"; };
		9EE5AAD52D08FCBE00C1B736 /* RecipeFinder.app */ = {isa = PBXFileReference; explicitFileType = wrapper.application; includeInIndex = 0; path = RecipeFinder.app; sourceTree = BUILT_PRODUCTS_DIR; };
		9EE5AAD82D08FCBE00C1B736 /* RecipeFinderApp.swift */ = {isa = PBXFileReference; lastKnownFileType = sourcecode.swift; path = RecipeFinderApp.swift; sourceTree = "<group>"; };
		9EE5AADA2D08FCBE00C1B736 /* ContentView.swift */ = {isa = PBXFileReference; lastKnownFileType = sourcecode.swift; path = ContentView.swift; sourceTree = "<group>"; };
		9EE5AADE2D08FCBF00C1B736 /* Assets.xcassets */ = {isa = PBXFileReference; lastKnownFileType = folder.assetcatalog; path = Assets.xcassets; sourceTree = "<group>"; };
		9EE5AAE12D08FCBF00C1B736 /* Preview Assets.xcassets */ = {isa = PBXFileReference; lastKnownFileType = folder.assetcatalog; path = "Preview Assets.xcassets"; sourceTree = "<group>"; };
		9EE5AAE72D08FCBF00C1B736 /* RecipeFinderTests.xctest */ = {isa = PBXFileReference; explicitFileType = wrapper.cfbundle; includeInIndex = 0; path = RecipeFinderTests.xctest; sourceTree = BUILT_PRODUCTS_DIR; };
		9EE5AAF12D08FCBF00C1B736 /* RecipeFinderUITests.xctest */ = {isa = PBXFileReference; explicitFileType = wrapper.cfbundle; includeInIndex = 0; path = RecipeFinderUITests.xctest; sourceTree = BUILT_PRODUCTS_DIR; };
		9EEDD0812D09F955003C7296 /* RecipeModel 4.xcdatamodel */ = {isa = PBXFileReference; lastKnownFileType = wrapper.xcdatamodel; path = "RecipeModel 4.xcdatamodel"; sourceTree = "<group>"; };
/* End PBXFileReference section */

/* Begin PBXFrameworksBuildPhase section */
		9EE5AAD22D08FCBE00C1B736 /* Frameworks */ = {
			isa = PBXFrameworksBuildPhase;
			buildActionMask = 2147483647;
			files = (
				9E6CF3AA2D83092A00D79DD6 /* ConfettiSwiftUI in Frameworks */,
			);
			runOnlyForDeploymentPostprocessing = 0;
		};
		9EE5AAE42D08FCBF00C1B736 /* Frameworks */ = {
			isa = PBXFrameworksBuildPhase;
			buildActionMask = 2147483647;
			files = (
			);
			runOnlyForDeploymentPostprocessing = 0;
		};
		9EE5AAEE2D08FCBF00C1B736 /* Frameworks */ = {
			isa = PBXFrameworksBuildPhase;
			buildActionMask = 2147483647;
			files = (
			);
			runOnlyForDeploymentPostprocessing = 0;
		};
/* End PBXFrameworksBuildPhase section */

/* Begin PBXGroup section */
		9E2E34222E9D9F8900E2E49F /* Kitchen */ = {
			isa = PBXGroup;
			children = (
				9E2E34202E9D9F8500E2E49F /* KitchenView.swift */,
			);
			path = Kitchen;
			sourceTree = "<group>";
		};
		9E4DC7322E9BF10900E17DDF /* Components */ = {
			isa = PBXGroup;
			children = (
				9EA779282EB57D900028F064 /* StandardAppHeader.swift */,
				9E77ABF92EB4554000666BB0 /* AnimatedHeartButton.swift */,
				9E77ABF72EB4553400666BB0 /* ModernCircleButton.swift */,
				9E5447B32EABEDB200AD6D0A /* DifficultyBarsView.swift */,
				9E2E34232E9DA10000E2E49F /* FlowLayout.swift */,
				9E4DC7682E9D738500E17DDF /* FilterComponents.swift */,
				9E4DC74C2E9C118B00E17DDF /* ShoppingListInputBar.swift */,
				9E4DC74A2E9C117F00E17DDF /* IngredientButton.swift */,
				9E4DC7472E9C111800E17DDF /* IngredientRowView.swift */,
				9E4DC7452E9C110D00E17DDF /* InfoPairView.swift */,
				9E4DC7432E9C110200E17DDF /* ModernSearchBar.swift */,
				9E4DC7412E9C10F800E17DDF /* RecipeImageView.swift */,
				9E4DC73F2E9C10EB00E17DDF /* RecipeCard.swift */,
				9E4DC73D2E9C10DC00E17DDF /* CompactRecipeCard.swift */,
				9E4DC73B2E9C10CC00E17DDF /* CardView.swift */,
			);
			path = Components;
			sourceTree = "<group>";
		};
		9E4DC7332E9BF14400E17DDF /* Theme */ = {
			isa = PBXGroup;
			children = (
				9E4DC7372E9BF19700E17DDF /* AppTheme.swift */,
			);
			path = Theme;
			sourceTree = "<group>";
		};
		9E4DC7342E9BF14A00E17DDF /* Persistence */ = {
			isa = PBXGroup;
			children = (
				9EA7791A2EB570BC0028F064 /* MealPlanningManager.swift */,
				9EA7790D2EB56B720028F064 /* NotesManager.swift */,
				9E51C3A42EB40DA20064B917 /* AuthenticationManager.swift */,
				9E51C39B2EB3EAA10064B917 /* AccountManager.swift */,
				9E83ED8E2EA78A3900425CC0 /* KitchenInventoryManager.swift */,
				9E4DC7612E9C5D8A00E17DDF /* ShoppingListManager.swift */,
				9E4DC75B2E9C197D00E17DDF /* RecipeDataExtensions.swift */,
				9E4DC7592E9C196A00E17DDF /* SampleRecipeData.swift */,
				9E605FFD2D0985BD00236896 /* PersistenceController.swift */,
			);
			path = Persistence;
			sourceTree = "<group>";
		};
		9E4DC7662E9C603B00E17DDF /* Utilities */ = {
			isa = PBXGroup;
			children = (
				9EA779062EB5332B0028F064 /* TestHelpers.swift */,
				9EA779042EB533230028F064 /* RecipeParser.swift */,
				9E77ABEF2EB4309A00666BB0 /* IngredientNormalizer.swift */,
				9E51C3932EB3E3200064B917 /* FoodsList.swift */,
				9E212D712EB12375005743F7 /* RecipeShareUtility.swift */,
				9E5447B72EB0407F00AD6D0A /* RecipeImporter.swift */,
				9E5447B52EB0270700AD6D0A /* UnitConversion.swift */,
				9E5447B12EAA92B900AD6D0A /* HapticManager.swift */,
				9E5447AD2EAA867600AD6D0A /* Constants.swift */,
				9E5447AE2EAA867600AD6D0A /* Extensions.swift */,
				9E4DC7652E9C603B00E17DDF /* CategoryClassifier.swift */,
			);
			path = Utilities;
			sourceTree = "<group>";
		};
		9E51C3962EB3E6540064B917 /* MealPlanning */ = {
			isa = PBXGroup;
			children = (
				9E51C3952EB3E6540064B917 /* MealPlanningView.swift */,
			);
			path = MealPlanning;
			sourceTree = "<group>";
		};
		9E51C3992EB3E9C20064B917 /* Account */ = {
			isa = PBXGroup;
			children = (
				9E87D32A2EB67CEA00FFA1D1 /* ImagePicker.swift */,
				9EA779082EB534CA0028F064 /* EditProfileView.swift */,
				9E51C3982EB3E9C20064B917 /* AccountView.swift */,
			);
			path = Account;
			sourceTree = "<group>";
		};
		9E51C3A02EB406AD0064B917 /* Timer */ = {
			isa = PBXGroup;
			children = (
				9E51C39F2EB406AD0064B917 /* CookTimerView.swift */,
			);
			path = Timer;
			sourceTree = "<group>";
		};
		9E51C3A72EB40DC90064B917 /* Authentication */ = {
			isa = PBXGroup;
			children = (
				9E87D3282EB6722300FFA1D1 /* BiometricSetupView.swift */,
				9EA779022EB4C6C90028F064 /* PasswordReminderSplashView.swift */,
				9EA778FE2EB4C36A0028F064 /* EmailConfirmationSplashView.swift */,
				9EA778FF2EB4C36A0028F064 /* GuestModeSplashView.swift */,
				9EA778FC2EB4A4B00028F064 /* OnboardingView.swift */,
				9E51C3A62EB40DC90064B917 /* AuthenticationView.swift */,
			);
			path = Authentication;
			sourceTree = "<group>";
		};
		9E6CF3A82D83092A00D79DD6 /* Frameworks */ = {
			isa = PBXGroup;
			children = (
			);
			name = Frameworks;
			sourceTree = "<group>";
		};
		9E77ABED2EB412C600666BB0 /* Services */ = {
			isa = PBXGroup;
			children = (
				9E77ABEC2EB412C600666BB0 /* SecureCredentialManager.swift */,
			);
			path = Services;
			sourceTree = "<group>";
		};
		9E7B9A7C2E9BC2CB007E1786 /* Models */ = {
			isa = PBXGroup;
			children = (
				9EA779262EB5725D0028F064 /* MealPlanning */,
				9EA779242EB5711E0028F064 /* ShoppingList */,
				9EA779232EB571110028F064 /* Recipe */,
				9EA779212EB570EC0028F064 /* CookTimer */,
				9EA7791E2EB570D50028F064 /* KitchenInventory */,
				9EA7790B2EB56B630028F064 /* Notes */,
				9E6060002D09CB6400236896 /* RecipeModel.xcdatamodeld */,
			);
			path = Models;
			sourceTree = "<group>";
		};
		9E7B9A7F2E9BEC3D007E1786 /* Views */ = {
			isa = PBXGroup;
			children = (
				9EA779122EB56BA00028F064 /* Notes */,
				9E51C3A72EB40DC90064B917 /* Authentication */,
				9E51C3A02EB406AD0064B917 /* Timer */,
				9E51C3992EB3E9C20064B917 /* Account */,
				9E51C3962EB3E6540064B917 /* MealPlanning */,
				9E2E34222E9D9F8900E2E49F /* Kitchen */,
				9E7B9A842E9BECFE007E1786 /* Settings */,
				9E7B9A832E9BECF9007E1786 /* Shopping */,
				9E7B9A822E9BECEF007E1786 /* Ingredients */,
				9E7B9A812E9BECE5007E1786 /* Recipes */,
				9E7B9A802E9BEC95007E1786 /* Main */,
			);
			path = Views;
			sourceTree = "<group>";
		};
		9E7B9A802E9BEC95007E1786 /* Main */ = {
			isa = PBXGroup;
			children = (
				9EB04E5A2EB4704F0033C093 /* MoreView.swift */,
				9EE5AADA2D08FCBE00C1B736 /* ContentView.swift */,
			);
			path = Main;
			sourceTree = "<group>";
		};
		9E7B9A812E9BECE5007E1786 /* Recipes */ = {
			isa = PBXGroup;
			children = (
				9E51C3912EB3DE580064B917 /* RecipeWizardView.swift */,
				9E5447B92EB0409700AD6D0A /* RecipeImportView.swift */,
				9E4DC74F2E9C11F400E17DDF /* RecipeDetailView.swift */,
				9E7B9A852E9BED12007E1786 /* RecipeSearchView.swift */,
			);
			path = Recipes;
			sourceTree = "<group>";
		};
		9E7B9A822E9BECEF007E1786 /* Ingredients */ = {
			isa = PBXGroup;
			children = (
				9E4DC7512E9C129C00E17DDF /* IngredientSearchView.swift */,
			);
			path = Ingredients;
			sourceTree = "<group>";
		};
		9E7B9A832E9BECF9007E1786 /* Shopping */ = {
			isa = PBXGroup;
			children = (
				9E4DC7532E9C12AF00E17DDF /* ShoppingListView.swift */,
			);
			path = Shopping;
			sourceTree = "<group>";
		};
		9E7B9A842E9BECFE007E1786 /* Settings */ = {
			isa = PBXGroup;
			children = (
				9E77ABF32EB4483100666BB0 /* SettingsView.swift */,
				9E77ABF12EB430BC00666BB0 /* DeveloperDocumentationView.swift */,
			);
			path = Settings;
			sourceTree = "<group>";
		};
		9EA7790B2EB56B630028F064 /* Notes */ = {
			isa = PBXGroup;
			children = (
				9EA7790A2EB56B630028F064 /* NoteModel.swift */,
			);
			path = Notes;
			sourceTree = "<group>";
		};
		9EA779122EB56BA00028F064 /* Notes */ = {
			isa = PBXGroup;
			children = (
				9EA7790F2EB56BA00028F064 /* NoteCardView.swift */,
				9EA779102EB56BA00028F064 /* NoteEditorView.swift */,
				9EA779112EB56BA00028F064 /* NotesListView.swift */,
			);
			path = Notes;
			sourceTree = "<group>";
		};
		9EA7791E2EB570D50028F064 /* KitchenInventory */ = {
			isa = PBXGroup;
			children = (
				9EA779162EB56F4F0028F064 /* KitchenInventoryItem.swift */,
			);
			path = KitchenInventory;
			sourceTree = "<group>";
		};
		9EA779212EB570EC0028F064 /* CookTimer */ = {
			isa = PBXGroup;
			children = (
				9EA7791C2EB570D50028F064 /* CookTimer.swift */,
			);
			path = CookTimer;
			sourceTree = "<group>";
		};
		9EA779232EB571110028F064 /* Recipe */ = {
			isa = PBXGroup;
			children = (
				9E4DC75F2E9C1B6700E17DDF /* RecipeModel.swift */,
				9E4DC7572E9C136B00E17DDF /* RecipeViewMode.swift */,
			);
			path = Recipe;
			sourceTree = "<group>";
		};
		9EA779242EB5711E0028F064 /* ShoppingList */ = {
			isa = PBXGroup;
			children = (
				9E4DC7392E9C0EB800E17DDF /* ShoppingListItem.swift */,
			);
			path = ShoppingList;
			sourceTree = "<group>";
		};
		9EA779262EB5725D0028F064 /* MealPlanning */ = {
			isa = PBXGroup;
			children = (
				9EA779252EB5725D0028F064 /* MealPlanModel.swift */,
			);
			path = MealPlanning;
			sourceTree = "<group>";
		};
		9EE5AACC2D08FCBE00C1B736 = {
			isa = PBXGroup;
			children = (
				9E37D12A2D09082C005BC8FA /* readme.md */,
				9EE5AAD72D08FCBE00C1B736 /* RecipeFinder */,
				9E6CF3A82D83092A00D79DD6 /* Frameworks */,
				9EE5AAD62D08FCBE00C1B736 /* Products */,
			);
			sourceTree = "<group>";
		};
		9EE5AAD62D08FCBE00C1B736 /* Products */ = {
			isa = PBXGroup;
			children = (
				9EE5AAD52D08FCBE00C1B736 /* RecipeFinder.app */,
				9EE5AAE72D08FCBF00C1B736 /* RecipeFinderTests.xctest */,
				9EE5AAF12D08FCBF00C1B736 /* RecipeFinderUITests.xctest */,
			);
			name = Products;
			sourceTree = "<group>";
		};
		9EE5AAD72D08FCBE00C1B736 /* RecipeFinder */ = {
			isa = PBXGroup;
			children = (
				9E77ABED2EB412C600666BB0 /* Services */,
				9E4DC7662E9C603B00E17DDF /* Utilities */,
				9E4DC7342E9BF14A00E17DDF /* Persistence */,
				9E4DC7332E9BF14400E17DDF /* Theme */,
				9E4DC7322E9BF10900E17DDF /* Components */,
				9E7B9A7F2E9BEC3D007E1786 /* Views */,
				9E7B9A7C2E9BC2CB007E1786 /* Models */,
				9EE5AAD82D08FCBE00C1B736 /* RecipeFinderApp.swift */,
				9EE5AADE2D08FCBF00C1B736 /* Assets.xcassets */,
				9EE5AAE02D08FCBF00C1B736 /* Preview Content */,
			);
			path = RecipeFinder;
			sourceTree = "<group>";
		};
		9EE5AAE02D08FCBF00C1B736 /* Preview Content */ = {
			isa = PBXGroup;
			children = (
				9EE5AAE12D08FCBF00C1B736 /* Preview Assets.xcassets */,
			);
			path = "Preview Content";
			sourceTree = "<group>";
		};
/* End PBXGroup section */

/* Begin PBXNativeTarget section */
		9EE5AAD42D08FCBE00C1B736 /* RecipeFinder */ = {
			isa = PBXNativeTarget;
			buildConfigurationList = 9EE5AAFB2D08FCBF00C1B736 /* Build configuration list for PBXNativeTarget "RecipeFinder" */;
			buildPhases = (
				9EE5AAD12D08FCBE00C1B736 /* Sources */,
				9EE5AAD22D08FCBE00C1B736 /* Frameworks */,
				9EE5AAD32D08FCBE00C1B736 /* Resources */,
			);
			buildRules = (
			);
			dependencies = (
			);
			name = RecipeFinder;
			productName = RecipeFinder;
			productReference = 9EE5AAD52D08FCBE00C1B736 /* RecipeFinder.app */;
			productType = "com.apple.product-type.application";
		};
		9EE5AAE62D08FCBF00C1B736 /* RecipeFinderTests */ = {
			isa = PBXNativeTarget;
			buildConfigurationList = 9EE5AAFE2D08FCBF00C1B736 /* Build configuration list for PBXNativeTarget "RecipeFinderTests" */;
			buildPhases = (
				9EE5AAE32D08FCBF00C1B736 /* Sources */,
				9EE5AAE42D08FCBF00C1B736 /* Frameworks */,
				9EE5AAE52D08FCBF00C1B736 /* Resources */,
			);
			buildRules = (
			);
			dependencies = (
				9EE5AAE92D08FCBF00C1B736 /* PBXTargetDependency */,
			);
			name = RecipeFinderTests;
			productName = RecipeFinderTests;
			productReference = 9EE5AAE72D08FCBF00C1B736 /* RecipeFinderTests.xctest */;
			productType = "com.apple.product-type.bundle.unit-test";
		};
		9EE5AAF02D08FCBF00C1B736 /* RecipeFinderUITests */ = {
			isa = PBXNativeTarget;
			buildConfigurationList = 9EE5AB012D08FCBF00C1B736 /* Build configuration list for PBXNativeTarget "RecipeFinderUITests" */;
			buildPhases = (
				9EE5AAED2D08FCBF00C1B736 /* Sources */,
				9EE5AAEE2D08FCBF00C1B736 /* Frameworks */,
				9EE5AAEF2D08FCBF00C1B736 /* Resources */,
			);
			buildRules = (
			);
			dependencies = (
				9EE5AAF32D08FCBF00C1B736 /* PBXTargetDependency */,
			);
			name = RecipeFinderUITests;
			productName = RecipeFinderUITests;
			productReference = 9EE5AAF12D08FCBF00C1B736 /* RecipeFinderUITests.xctest */;
			productType = "com.apple.product-type.bundle.ui-testing";
		};
/* End PBXNativeTarget section */

/* Begin PBXProject section */
		9EE5AACD2D08FCBE00C1B736 /* Project object */ = {
			isa = PBXProject;
			attributes = {
				BuildIndependentTargetsInParallel = 1;
				LastSwiftUpdateCheck = 1540;
				LastUpgradeCheck = 2600;
				TargetAttributes = {
					9EE5AAD42D08FCBE00C1B736 = {
						CreatedOnToolsVersion = 15.4;
					};
					9EE5AAE62D08FCBF00C1B736 = {
						CreatedOnToolsVersion = 15.4;
						TestTargetID = 9EE5AAD42D08FCBE00C1B736;
					};
					9EE5AAF02D08FCBF00C1B736 = {
						CreatedOnToolsVersion = 15.4;
						TestTargetID = 9EE5AAD42D08FCBE00C1B736;
					};
				};
			};
			buildConfigurationList = 9EE5AAD02D08FCBE00C1B736 /* Build configuration list for PBXProject "RecipeFinder" */;
			compatibilityVersion = "Xcode 14.0";
			developmentRegion = en;
			hasScannedForEncodings = 0;
			knownRegions = (
				en,
				Base,
			);
			mainGroup = 9EE5AACC2D08FCBE00C1B736;
			packageReferences = (
				9E6CF3A72D83087300D79DD6 /* XCRemoteSwiftPackageReference "ConfettiSwiftUI" */,
			);
			productRefGroup = 9EE5AAD62D08FCBE00C1B736 /* Products */;
			projectDirPath = "";
			projectRoot = "";
			targets = (
				9EE5AAD42D08FCBE00C1B736 /* RecipeFinder */,
				9EE5AAE62D08FCBF00C1B736 /* RecipeFinderTests */,
				9EE5AAF02D08FCBF00C1B736 /* RecipeFinderUITests */,
			);
		};
/* End PBXProject section */

/* Begin PBXResourcesBuildPhase section */
		9EE5AAD32D08FCBE00C1B736 /* Resources */ = {
			isa = PBXResourcesBuildPhase;
			buildActionMask = 2147483647;
			files = (
				9EE5AAE22D08FCBF00C1B736 /* Preview Assets.xcassets in Resources */,
				9EE5AADF2D08FCBF00C1B736 /* Assets.xcassets in Resources */,
			);
			runOnlyForDeploymentPostprocessing = 0;
		};
		9EE5AAE52D08FCBF00C1B736 /* Resources */ = {
			isa = PBXResourcesBuildPhase;
			buildActionMask = 2147483647;
			files = (
			);
			runOnlyForDeploymentPostprocessing = 0;
		};
		9EE5AAEF2D08FCBF00C1B736 /* Resources */ = {
			isa = PBXResourcesBuildPhase;
			buildActionMask = 2147483647;
			files = (
			);
			runOnlyForDeploymentPostprocessing = 0;
		};
/* End PBXResourcesBuildPhase section */

/* Begin PBXSourcesBuildPhase section */
		9EE5AAD12D08FCBE00C1B736 /* Sources */ = {
			isa = PBXSourcesBuildPhase;
			buildActionMask = 2147483647;
			files = (
				9E51C3A82EB40DC90064B917 /* AuthenticationView.swift in Sources */,
				9E51C3972EB3E6540064B917 /* MealPlanningView.swift in Sources */,
				9E5447B62EB0270700AD6D0A /* UnitConversion.swift in Sources */,
				9EB04E5B2EB4704F0033C093 /* MoreView.swift in Sources */,
				9E83ED8F2EA78A3900425CC0 /* KitchenInventoryManager.swift in Sources */,
				9EA779132EB56BA00028F064 /* NoteEditorView.swift in Sources */,
				9EA779142EB56BA00028F064 /* NotesListView.swift in Sources */,
				9EA779152EB56BA00028F064 /* NoteCardView.swift in Sources */,
				9E4DC75C2E9C198300E17DDF /* RecipeDataExtensions.swift in Sources */,
				9E4DC7382E9BF19700E17DDF /* AppTheme.swift in Sources */,
				9E4DC7502E9C11FB00E17DDF /* RecipeDetailView.swift in Sources */,
				9E4DC73E2E9C10E300E17DDF /* CompactRecipeCard.swift in Sources */,
				9E4DC7602E9C1B6A00E17DDF /* RecipeModel.swift in Sources */,
				9E2E34242E9DA10000E2E49F /* FlowLayout.swift in Sources */,
				9E4DC7422E9C10FC00E17DDF /* RecipeImageView.swift in Sources */,
				9E51C3942EB3E3200064B917 /* FoodsList.swift in Sources */,
				9E4DC7542E9C12B200E17DDF /* ShoppingListView.swift in Sources */,
				9E4DC73C2E9C10D500E17DDF /* CardView.swift in Sources */,
				9E77ABF42EB4483100666BB0 /* SettingsView.swift in Sources */,
				9EE5AADB2D08FCBE00C1B736 /* ContentView.swift in Sources */,
				9E4DC74B2E9C118300E17DDF /* IngredientButton.swift in Sources */,
				9E4DC75A2E9C197A00E17DDF /* SampleRecipeData.swift in Sources */,
				9E4DC7462E9C111000E17DDF /* InfoPairView.swift in Sources */,
				9E51C39A2EB3E9C20064B917 /* AccountView.swift in Sources */,
				9E7B9A862E9BED16007E1786 /* RecipeSearchView.swift in Sources */,
				9EA779202EB570D50028F064 /* CookTimer.swift in Sources */,
				9EA779002EB4C36A0028F064 /* GuestModeSplashView.swift in Sources */,
				9EA779012EB4C36A0028F064 /* EmailConfirmationSplashView.swift in Sources */,
				9E4DC7522E9C12A900E17DDF /* IngredientSearchView.swift in Sources */,
				9EA7790C2EB56B630028F064 /* NoteModel.swift in Sources */,
				9E87D32B2EB67CEA00FFA1D1 /* ImagePicker.swift in Sources */,
				9E51C3A52EB40DA20064B917 /* AuthenticationManager.swift in Sources */,
				9E4DC7672E9C603B00E17DDF /* CategoryClassifier.swift in Sources */,
				9E4DC7582E9C136E00E17DDF /* RecipeViewMode.swift in Sources */,
				9EA779032EB4C6C90028F064 /* PasswordReminderSplashView.swift in Sources */,
				9E77ABF82EB4553400666BB0 /* ModernCircleButton.swift in Sources */,
				9E77ABFA2EB4554000666BB0 /* AnimatedHeartButton.swift in Sources */,
				9EA779072EB5332B0028F064 /* TestHelpers.swift in Sources */,
				9E212D722EB12375005743F7 /* RecipeShareUtility.swift in Sources */,
				9E51C3A12EB406AD0064B917 /* CookTimerView.swift in Sources */,
				9E5447B22EAA92B900AD6D0A /* HapticManager.swift in Sources */,
				9E77ABF02EB4309A00666BB0 /* IngredientNormalizer.swift in Sources */,
				9E4DC7622E9C5D8A00E17DDF /* ShoppingListManager.swift in Sources */,
				9E4DC73A2E9C0EBD00E17DDF /* ShoppingListItem.swift in Sources */,
				9E4DC7442E9C110600E17DDF /* ModernSearchBar.swift in Sources */,
				9EE5AAD92D08FCBE00C1B736 /* RecipeFinderApp.swift in Sources */,
				9E2E34212E9D9F8500E2E49F /* KitchenView.swift in Sources */,
				9E51C39C2EB3EAA10064B917 /* AccountManager.swift in Sources */,
				9EA779052EB533230028F064 /* RecipeParser.swift in Sources */,
				9EA779092EB534CA0028F064 /* EditProfileView.swift in Sources */,
				9E51C3922EB3DE580064B917 /* RecipeWizardView.swift in Sources */,
				9EA778FD2EB4A4B00028F064 /* OnboardingView.swift in Sources */,
				9E605FFE2D0985BD00236896 /* PersistenceController.swift in Sources */,
				9E77ABEE2EB412C600666BB0 /* SecureCredentialManager.swift in Sources */,
				9E4DC7402E9C10F000E17DDF /* RecipeCard.swift in Sources */,
				9E5447AF2EAA867600AD6D0A /* Constants.swift in Sources */,
				9EA779292EB57D900028F064 /* StandardAppHeader.swift in Sources */,
				9E5447B82EB0407F00AD6D0A /* RecipeImporter.swift in Sources */,
				9E5447B02EAA867600AD6D0A /* Extensions.swift in Sources */,
				9E5447B42EABEDB200AD6D0A /* DifficultyBarsView.swift in Sources */,
				9E4DC74D2E9C119000E17DDF /* ShoppingListInputBar.swift in Sources */,
				9E4DC7482E9C114300E17DDF /* IngredientRowView.swift in Sources */,
				9E5447BA2EB0409700AD6D0A /* RecipeImportView.swift in Sources */,
				9E4DC7692E9D738500E17DDF /* FilterComponents.swift in Sources */,
				9E87D3292EB6722300FFA1D1 /* BiometricSetupView.swift in Sources */,
				9EA779272EB5725D0028F064 /* MealPlanModel.swift in Sources */,
				9EA779182EB56F4F0028F064 /* KitchenInventoryItem.swift in Sources */,
				9E77ABF22EB430BC00666BB0 /* DeveloperDocumentationView.swift in Sources */,
				9EA7790E2EB56B720028F064 /* NotesManager.swift in Sources */,
				9EA7791B2EB570BC0028F064 /* MealPlanningManager.swift in Sources */,
				9E6060032D09CB6400236896 /* RecipeModel.xcdatamodeld in Sources */,
			);
			runOnlyForDeploymentPostprocessing = 0;
		};
		9EE5AAE32D08FCBF00C1B736 /* Sources */ = {
			isa = PBXSourcesBuildPhase;
			buildActionMask = 2147483647;
			files = (
			);
			runOnlyForDeploymentPostprocessing = 0;
		};
		9EE5AAED2D08FCBF00C1B736 /* Sources */ = {
			isa = PBXSourcesBuildPhase;
			buildActionMask = 2147483647;
			files = (
			);
			runOnlyForDeploymentPostprocessing = 0;
		};
/* End PBXSourcesBuildPhase section */

/* Begin PBXTargetDependency section */
		9EE5AAE92D08FCBF00C1B736 /* PBXTargetDependency */ = {
			isa = PBXTargetDependency;
			target = 9EE5AAD42D08FCBE00C1B736 /* RecipeFinder */;
			targetProxy = 9EE5AAE82D08FCBF00C1B736 /* PBXContainerItemProxy */;
		};
		9EE5AAF32D08FCBF00C1B736 /* PBXTargetDependency */ = {
			isa = PBXTargetDependency;
			target = 9EE5AAD42D08FCBE00C1B736 /* RecipeFinder */;
			targetProxy = 9EE5AAF22D08FCBF00C1B736 /* PBXContainerItemProxy */;
		};
/* End PBXTargetDependency section */

/* Begin XCBuildConfiguration section */
		9EE5AAF92D08FCBF00C1B736 /* Debug */ = {
			isa = XCBuildConfiguration;
			buildSettings = {
				ALWAYS_SEARCH_USER_PATHS = NO;
				ASSETCATALOG_COMPILER_GENERATE_SWIFT_ASSET_SYMBOL_EXTENSIONS = YES;
				CLANG_ANALYZER_NONNULL = YES;
				CLANG_ANALYZER_NUMBER_OBJECT_CONVERSION = YES_AGGRESSIVE;
				CLANG_CXX_LANGUAGE_STANDARD = "gnu++20";
				CLANG_ENABLE_MODULES = YES;
				CLANG_ENABLE_OBJC_ARC = YES;
				CLANG_ENABLE_OBJC_WEAK = YES;
				CLANG_WARN_BLOCK_CAPTURE_AUTORELEASING = YES;
				CLANG_WARN_BOOL_CONVERSION = YES;
				CLANG_WARN_COMMA = YES;
				CLANG_WARN_CONSTANT_CONVERSION = YES;
				CLANG_WARN_DEPRECATED_OBJC_IMPLEMENTATIONS = YES;
				CLANG_WARN_DIRECT_OBJC_ISA_USAGE = YES_ERROR;
				CLANG_WARN_DOCUMENTATION_COMMENTS = YES;
				CLANG_WARN_EMPTY_BODY = YES;
				CLANG_WARN_ENUM_CONVERSION = YES;
				CLANG_WARN_INFINITE_RECURSION = YES;
				CLANG_WARN_INT_CONVERSION = YES;
				CLANG_WARN_NON_LITERAL_NULL_CONVERSION = YES;
				CLANG_WARN_OBJC_IMPLICIT_RETAIN_SELF = YES;
				CLANG_WARN_OBJC_LITERAL_CONVERSION = YES;
				CLANG_WARN_OBJC_ROOT_CLASS = YES_ERROR;
				CLANG_WARN_QUOTED_INCLUDE_IN_FRAMEWORK_HEADER = YES;
				CLANG_WARN_RANGE_LOOP_ANALYSIS = YES;
				CLANG_WARN_STRICT_PROTOTYPES = YES;
				CLANG_WARN_SUSPICIOUS_MOVE = YES;
				CLANG_WARN_UNGUARDED_AVAILABILITY = YES_AGGRESSIVE;
				CLANG_WARN_UNREACHABLE_CODE = YES;
				CLANG_WARN__DUPLICATE_METHOD_MATCH = YES;
				COPY_PHASE_STRIP = NO;
				DEBUG_INFORMATION_FORMAT = dwarf;
				ENABLE_STRICT_OBJC_MSGSEND = YES;
				ENABLE_TESTABILITY = YES;
				ENABLE_USER_SCRIPT_SANDBOXING = YES;
				GCC_C_LANGUAGE_STANDARD = gnu17;
				GCC_DYNAMIC_NO_PIC = NO;
				GCC_NO_COMMON_BLOCKS = YES;
				GCC_OPTIMIZATION_LEVEL = 0;
				GCC_PREPROCESSOR_DEFINITIONS = (
					"DEBUG=1",
					"$(inherited)",
				);
				GCC_WARN_64_TO_32_BIT_CONVERSION = YES;
				GCC_WARN_ABOUT_RETURN_TYPE = YES_ERROR;
				GCC_WARN_UNDECLARED_SELECTOR = YES;
				GCC_WARN_UNINITIALIZED_AUTOS = YES_AGGRESSIVE;
				GCC_WARN_UNUSED_FUNCTION = YES;
				GCC_WARN_UNUSED_VARIABLE = YES;
				IPHONEOS_DEPLOYMENT_TARGET = 17.5;
				LOCALIZATION_PREFERS_STRING_CATALOGS = YES;
				MTL_ENABLE_DEBUG_INFO = INCLUDE_SOURCE;
				MTL_FAST_MATH = YES;
				ONLY_ACTIVE_ARCH = YES;
				SDKROOT = iphoneos;
				STRING_CATALOG_GENERATE_SYMBOLS = YES;
				SWIFT_ACTIVE_COMPILATION_CONDITIONS = "DEBUG $(inherited)";
				SWIFT_OPTIMIZATION_LEVEL = "-Onone";
			};
			name = Debug;
		};
		9EE5AAFA2D08FCBF00C1B736 /* Release */ = {
			isa = XCBuildConfiguration;
			buildSettings = {
				ALWAYS_SEARCH_USER_PATHS = NO;
				ASSETCATALOG_COMPILER_GENERATE_SWIFT_ASSET_SYMBOL_EXTENSIONS = YES;
				CLANG_ANALYZER_NONNULL = YES;
				CLANG_ANALYZER_NUMBER_OBJECT_CONVERSION = YES_AGGRESSIVE;
				CLANG_CXX_LANGUAGE_STANDARD = "gnu++20";
				CLANG_ENABLE_MODULES = YES;
				CLANG_ENABLE_OBJC_ARC = YES;
				CLANG_ENABLE_OBJC_WEAK = YES;
				CLANG_WARN_BLOCK_CAPTURE_AUTORELEASING = YES;
				CLANG_WARN_BOOL_CONVERSION = YES;
				CLANG_WARN_COMMA = YES;
				CLANG_WARN_CONSTANT_CONVERSION = YES;
				CLANG_WARN_DEPRECATED_OBJC_IMPLEMENTATIONS = YES;
				CLANG_WARN_DIRECT_OBJC_ISA_USAGE = YES_ERROR;
				CLANG_WARN_DOCUMENTATION_COMMENTS = YES;
				CLANG_WARN_EMPTY_BODY = YES;
				CLANG_WARN_ENUM_CONVERSION = YES;
				CLANG_WARN_INFINITE_RECURSION = YES;
				CLANG_WARN_INT_CONVERSION = YES;
				CLANG_WARN_NON_LITERAL_NULL_CONVERSION = YES;
				CLANG_WARN_OBJC_IMPLICIT_RETAIN_SELF = YES;
				CLANG_WARN_OBJC_LITERAL_CONVERSION = YES;
				CLANG_WARN_OBJC_ROOT_CLASS = YES_ERROR;
				CLANG_WARN_QUOTED_INCLUDE_IN_FRAMEWORK_HEADER = YES;
				CLANG_WARN_RANGE_LOOP_ANALYSIS = YES;
				CLANG_WARN_STRICT_PROTOTYPES = YES;
				CLANG_WARN_SUSPICIOUS_MOVE = YES;
				CLANG_WARN_UNGUARDED_AVAILABILITY = YES_AGGRESSIVE;
				CLANG_WARN_UNREACHABLE_CODE = YES;
				CLANG_WARN__DUPLICATE_METHOD_MATCH = YES;
				COPY_PHASE_STRIP = NO;
				DEBUG_INFORMATION_FORMAT = "dwarf-with-dsym";
				ENABLE_NS_ASSERTIONS = NO;
				ENABLE_STRICT_OBJC_MSGSEND = YES;
				ENABLE_USER_SCRIPT_SANDBOXING = YES;
				GCC_C_LANGUAGE_STANDARD = gnu17;
				GCC_NO_COMMON_BLOCKS = YES;
				GCC_WARN_64_TO_32_BIT_CONVERSION = YES;
				GCC_WARN_ABOUT_RETURN_TYPE = YES_ERROR;
				GCC_WARN_UNDECLARED_SELECTOR = YES;
				GCC_WARN_UNINITIALIZED_AUTOS = YES_AGGRESSIVE;
				GCC_WARN_UNUSED_FUNCTION = YES;
				GCC_WARN_UNUSED_VARIABLE = YES;
				IPHONEOS_DEPLOYMENT_TARGET = 17.5;
				LOCALIZATION_PREFERS_STRING_CATALOGS = YES;
				MTL_ENABLE_DEBUG_INFO = NO;
				MTL_FAST_MATH = YES;
				SDKROOT = iphoneos;
				STRING_CATALOG_GENERATE_SYMBOLS = YES;
				SWIFT_COMPILATION_MODE = wholemodule;
				VALIDATE_PRODUCT = YES;
			};
			name = Release;
		};
		9EE5AAFC2D08FCBF00C1B736 /* Debug */ = {
			isa = XCBuildConfiguration;
			buildSettings = {
				ASSETCATALOG_COMPILER_APPICON_NAME = AppIcon;
				ASSETCATALOG_COMPILER_GLOBAL_ACCENT_COLOR_NAME = AccentColor;
				CODE_SIGN_STYLE = Automatic;
				CURRENT_PROJECT_VERSION = 1;
				DEVELOPMENT_ASSET_PATHS = "\"RecipeFinder/Preview Content\"";
				DEVELOPMENT_TEAM = A6BJYF9NCW;
				ENABLE_PREVIEWS = YES;
				GENERATE_INFOPLIST_FILE = YES;
				INFOPLIST_KEY_UIApplicationSceneManifest_Generation = YES;
				INFOPLIST_KEY_UIApplicationSupportsIndirectInputEvents = YES;
				INFOPLIST_KEY_UILaunchScreen_Generation = YES;
				INFOPLIST_KEY_UISupportedInterfaceOrientations_iPad = "UIInterfaceOrientationPortrait UIInterfaceOrientationPortraitUpsideDown UIInterfaceOrientationLandscapeLeft UIInterfaceOrientationLandscapeRight";
				INFOPLIST_KEY_UISupportedInterfaceOrientations_iPhone = "UIInterfaceOrientationPortrait UIInterfaceOrientationLandscapeLeft UIInterfaceOrientationLandscapeRight";
				LD_RUNPATH_SEARCH_PATHS = (
					"$(inherited)",
					"@executable_path/Frameworks",
				);
				MARKETING_VERSION = 1.0;
				PRODUCT_BUNDLE_IDENTIFIER = com.asadkhan.recipefinder;
				PRODUCT_NAME = "$(TARGET_NAME)";
				SWIFT_EMIT_LOC_STRINGS = YES;
				SWIFT_VERSION = 5.0;
				TARGETED_DEVICE_FAMILY = "1,2";
			};
			name = Debug;
		};
		9EE5AAFD2D08FCBF00C1B736 /* Release */ = {
			isa = XCBuildConfiguration;
			buildSettings = {
				ASSETCATALOG_COMPILER_APPICON_NAME = AppIcon;
				ASSETCATALOG_COMPILER_GLOBAL_ACCENT_COLOR_NAME = AccentColor;
				CODE_SIGN_STYLE = Automatic;
				CURRENT_PROJECT_VERSION = 1;
				DEVELOPMENT_ASSET_PATHS = "\"RecipeFinder/Preview Content\"";
				DEVELOPMENT_TEAM = A6BJYF9NCW;
				ENABLE_PREVIEWS = YES;
				GENERATE_INFOPLIST_FILE = YES;
				INFOPLIST_KEY_UIApplicationSceneManifest_Generation = YES;
				INFOPLIST_KEY_UIApplicationSupportsIndirectInputEvents = YES;
				INFOPLIST_KEY_UILaunchScreen_Generation = YES;
				INFOPLIST_KEY_UISupportedInterfaceOrientations_iPad = "UIInterfaceOrientationPortrait UIInterfaceOrientationPortraitUpsideDown UIInterfaceOrientationLandscapeLeft UIInterfaceOrientationLandscapeRight";
				INFOPLIST_KEY_UISupportedInterfaceOrientations_iPhone = "UIInterfaceOrientationPortrait UIInterfaceOrientationLandscapeLeft UIInterfaceOrientationLandscapeRight";
				LD_RUNPATH_SEARCH_PATHS = (
					"$(inherited)",
					"@executable_path/Frameworks",
				);
				MARKETING_VERSION = 1.0;
				PRODUCT_BUNDLE_IDENTIFIER = com.asadkhan.recipefinder;
				PRODUCT_NAME = "$(TARGET_NAME)";
				SWIFT_EMIT_LOC_STRINGS = YES;
				SWIFT_VERSION = 5.0;
				TARGETED_DEVICE_FAMILY = "1,2";
			};
			name = Release;
		};
		9EE5AAFF2D08FCBF00C1B736 /* Debug */ = {
			isa = XCBuildConfiguration;
			buildSettings = {
				BUNDLE_LOADER = "$(TEST_HOST)";
				CODE_SIGN_STYLE = Automatic;
				CURRENT_PROJECT_VERSION = 1;
				DEVELOPMENT_TEAM = A6BJYF9NCW;
				GENERATE_INFOPLIST_FILE = YES;
				IPHONEOS_DEPLOYMENT_TARGET = 17.5;
				MARKETING_VERSION = 1.0;
				PRODUCT_BUNDLE_IDENTIFIER = com.asadkhan.recipefinder;
				PRODUCT_NAME = "$(TARGET_NAME)";
				SWIFT_EMIT_LOC_STRINGS = NO;
				SWIFT_VERSION = 5.0;
				TARGETED_DEVICE_FAMILY = "1,2";
				TEST_HOST = "$(BUILT_PRODUCTS_DIR)/RecipeFinder.app/$(BUNDLE_EXECUTABLE_FOLDER_PATH)/RecipeFinder";
			};
			name = Debug;
		};
		9EE5AB002D08FCBF00C1B736 /* Release */ = {
			isa = XCBuildConfiguration;
			buildSettings = {
				BUNDLE_LOADER = "$(TEST_HOST)";
				CODE_SIGN_STYLE = Automatic;
				CURRENT_PROJECT_VERSION = 1;
				DEVELOPMENT_TEAM = A6BJYF9NCW;
				GENERATE_INFOPLIST_FILE = YES;
				IPHONEOS_DEPLOYMENT_TARGET = 17.5;
				MARKETING_VERSION = 1.0;
				PRODUCT_BUNDLE_IDENTIFIER = com.asadkhan.recipefinder;
				PRODUCT_NAME = "$(TARGET_NAME)";
				SWIFT_EMIT_LOC_STRINGS = NO;
				SWIFT_VERSION = 5.0;
				TARGETED_DEVICE_FAMILY = "1,2";
				TEST_HOST = "$(BUILT_PRODUCTS_DIR)/RecipeFinder.app/$(BUNDLE_EXECUTABLE_FOLDER_PATH)/RecipeFinder";
			};
			name = Release;
		};
		9EE5AB022D08FCBF00C1B736 /* Debug */ = {
			isa = XCBuildConfiguration;
			buildSettings = {
				CODE_SIGN_STYLE = Automatic;
				CURRENT_PROJECT_VERSION = 1;
				DEVELOPMENT_TEAM = A6BJYF9NCW;
				GENERATE_INFOPLIST_FILE = YES;
				MARKETING_VERSION = 1.0;
				PRODUCT_BUNDLE_IDENTIFIER = com.asadkhan.recipefinderuitests;
				PRODUCT_NAME = "$(TARGET_NAME)";
				SWIFT_EMIT_LOC_STRINGS = NO;
				SWIFT_VERSION = 5.0;
				TARGETED_DEVICE_FAMILY = "1,2";
				TEST_TARGET_NAME = RecipeFinder;
			};
			name = Debug;
		};
		9EE5AB032D08FCBF00C1B736 /* Release */ = {
			isa = XCBuildConfiguration;
			buildSettings = {
				CODE_SIGN_STYLE = Automatic;
				CURRENT_PROJECT_VERSION = 1;
				DEVELOPMENT_TEAM = A6BJYF9NCW;
				GENERATE_INFOPLIST_FILE = YES;
				MARKETING_VERSION = 1.0;
				PRODUCT_BUNDLE_IDENTIFIER = com.asadkhan.recipefinderuitests;
				PRODUCT_NAME = "$(TARGET_NAME)";
				SWIFT_EMIT_LOC_STRINGS = NO;
				SWIFT_VERSION = 5.0;
				TARGETED_DEVICE_FAMILY = "1,2";
				TEST_TARGET_NAME = RecipeFinder;
			};
			name = Release;
		};
/* End XCBuildConfiguration section */

/* Begin XCConfigurationList section */
		9EE5AAD02D08FCBE00C1B736 /* Build configuration list for PBXProject "RecipeFinder" */ = {
			isa = XCConfigurationList;
			buildConfigurations = (
				9EE5AAF92D08FCBF00C1B736 /* Debug */,
				9EE5AAFA2D08FCBF00C1B736 /* Release */,
			);
			defaultConfigurationIsVisible = 0;
			defaultConfigurationName = Release;
		};
		9EE5AAFB2D08FCBF00C1B736 /* Build configuration list for PBXNativeTarget "RecipeFinder" */ = {
			isa = XCConfigurationList;
			buildConfigurations = (
				9EE5AAFC2D08FCBF00C1B736 /* Debug */,
				9EE5AAFD2D08FCBF00C1B736 /* Release */,
			);
			defaultConfigurationIsVisible = 0;
			defaultConfigurationName = Release;
		};
		9EE5AAFE2D08FCBF00C1B736 /* Build configuration list for PBXNativeTarget "RecipeFinderTests" */ = {
			isa = XCConfigurationList;
			buildConfigurations = (
				9EE5AAFF2D08FCBF00C1B736 /* Debug */,
				9EE5AB002D08FCBF00C1B736 /* Release */,
			);
			defaultConfigurationIsVisible = 0;
			defaultConfigurationName = Release;
		};
		9EE5AB012D08FCBF00C1B736 /* Build configuration list for PBXNativeTarget "RecipeFinderUITests" */ = {
			isa = XCConfigurationList;
			buildConfigurations = (
				9EE5AB022D08FCBF00C1B736 /* Debug */,
				9EE5AB032D08FCBF00C1B736 /* Release */,
			);
			defaultConfigurationIsVisible = 0;
			defaultConfigurationName = Release;
		};
/* End XCConfigurationList section */

/* Begin XCRemoteSwiftPackageReference section */
		9E6CF3A72D83087300D79DD6 /* XCRemoteSwiftPackageReference "ConfettiSwiftUI" */ = {
			isa = XCRemoteSwiftPackageReference;
			repositoryURL = "https://github.com/simibac/ConfettiSwiftUI.git";
			requirement = {
				kind = upToNextMajorVersion;
				minimumVersion = 2.0.2;
			};
		};
/* End XCRemoteSwiftPackageReference section */

/* Begin XCSwiftPackageProductDependency section */
		9E6CF3A92D83092A00D79DD6 /* ConfettiSwiftUI */ = {
			isa = XCSwiftPackageProductDependency;
			package = 9E6CF3A72D83087300D79DD6 /* XCRemoteSwiftPackageReference "ConfettiSwiftUI" */;
			productName = ConfettiSwiftUI;
		};
/* End XCSwiftPackageProductDependency section */

/* Begin XCVersionGroup section */
		9E6060002D09CB6400236896 /* RecipeModel.xcdatamodeld */ = {
			isa = XCVersionGroup;
			children = (
				9E212D6F2EB12315005743F7 /* RecipeModel 9.xcdatamodel */,
				9E212D702EB12315005743F7 /* RecipeModel 10.xcdatamodel */,
				9E45FAE32DC690E300F46909 /* RecipeModel 8.xcdatamodel */,
				9EC3AE612D0F430F006C30E1 /* RecipeModel 2.xcdatamodel */,
				9EC3AE602D0BA9A4006C30E1 /* RecipeModel 7.xcdatamodel */,
				9EC3AE5F2D0BA3C8006C30E1 /* RecipeModel 6.xcdatamodel */,
				9EC3AE5E2D0B772D006C30E1 /* RecipeModel 5.xcdatamodel */,
				9EEDD0812D09F955003C7296 /* RecipeModel 4.xcdatamodel */,
				9EA777B82D09F1E000C3422A /* RecipeModel 3.xcdatamodel */,
				9E6060012D09CB6400236896 /* RecipeModel.xcdatamodel */,
				9E6060022D09CB6400236896 /* RecipeModel 2.xcdatamodel */,
			);
			currentVersion = 9E212D702EB12315005743F7 /* RecipeModel 10.xcdatamodel */;
			path = RecipeModel.xcdatamodeld;
			sourceTree = "<group>";
			versionGroupType = wrapper.xcdatamodel;
		};
/* End XCVersionGroup section */
	};
	rootObject = 9EE5AACD2D08FCBE00C1B736 /* Project object */;
}
